# THIS IS AN AUTOGENERATED FILE. DO NOT EDIT THIS FILE DIRECTLY.
# yarn lockfile v1


prettier-plugin-organize-imports@^2.1.0:
  version "2.1.0"
  resolved "https://registry.yarnpkg.com/prettier-plugin-organize-imports/-/prettier-plugin-organize-imports-2.1.0.tgz#5b2e762365b9bd2b25b4460c1f2cb2703b8b78db"
  integrity sha512-P6TzXkuZRV4g9Fl363tN+r6/ecynu0fwmItKCb/04iksrUtwl/6Jf4DxBPuW8UbcgFRadltxB0VlV5Yh1Ec0Ow==

prettier@^2.3.0:
  version "2.3.0"
  resolved "https://registry.yarnpkg.com/prettier/-/prettier-2.3.0.tgz#b6a5bf1284026ae640f17f7ff5658a7567fc0d18"
  integrity sha512-kXtO4s0Lz/DW/IJ9QdWhAf7/NmPWQXkFr/r/WkR3vyI+0v8amTDxiaQSLzs8NBlytfLWX/7uQUMIW677yLKl4w==
