# THIS IS AN AUTOGENERATED FILE. DO NOT EDIT THIS FILE DIRECTLY.
# yarn lockfile v1


xterm@^3.14.4:
  version "3.14.5"
  resolved "https://registry.yarnpkg.com/xterm/-/xterm-3.14.5.tgz#c9d14e48be6873aa46fb429f22f2165557fd2dea"
  integrity sha512-DVmQ8jlEtL+WbBKUZuMxHMBgK/yeIZwkXB81bH+MGaKKnJGYwA+770hzhXPfwEIokK9On9YIFPRleVp/5G7z9g==
