# THIS IS AN AUTOGENERATED FILE. DO NOT EDIT THIS FILE DIRECTLY.
# yarn lockfile v1


hoist-non-react-statics@^2.5.5:
  version "2.5.5"
  resolved "http://registry.npm.alibaba-inc.com/hoist-non-react-statics/download/hoist-non-react-statics-2.5.5.tgz#c5903cf409c0dfd908f388e619d86b9c1174cb47"
  integrity sha1-xZA89AnA39kI84jmGdhrnBF0y0c=

intl-format-cache@^2.0.5:
  version "2.1.0"
  resolved "http://registry.npm.alibaba-inc.com/intl-format-cache/download/intl-format-cache-2.1.0.tgz#04a369fecbfad6da6005bae1f14333332dcf9316"
  integrity sha1-BKNp/sv61tpgBbrh8UMzMy3PkxY=

intl-messageformat-parser@1.4.0:
  version "1.4.0"
  resolved "http://registry.npm.alibaba-inc.com/intl-messageformat-parser/download/intl-messageformat-parser-1.4.0.tgz#b43d45a97468cadbe44331d74bb1e8dea44fc075"
  integrity sha1-tD1FqXRoytvkQzHXS7Ho3qRPwHU=

intl-messageformat@^2.0.0, intl-messageformat@^2.1.0:
  version "2.2.0"
  resolved "http://registry.npm.alibaba-inc.com/intl-messageformat/download/intl-messageformat-2.2.0.tgz#345bcd46de630b7683330c2e52177ff5eab484fc"
  integrity sha1-NFvNRt5jC3aDMwwuUhd/9eq0hPw=
  dependencies:
    intl-messageformat-parser "1.4.0"

intl-relativeformat@^2.1.0:
  version "2.1.0"
  resolved "http://registry.npm.alibaba-inc.com/intl-relativeformat/download/intl-relativeformat-2.1.0.tgz#010f1105802251f40ac47d0e3e1a201348a255df"
  integrity sha1-AQ8RBYAiUfQKxH0OPhogE0iiVd8=
  dependencies:
    intl-messageformat "^2.0.0"

intl@^1.2.5:
  version "1.2.5"
  resolved "http://registry.npm.alibaba-inc.com/intl/download/intl-1.2.5.tgz#82244a2190c4e419f8371f5aa34daa3420e2abde"
  integrity sha1-giRKIZDE5Bn4Nx9ao02qNCDiq94=

invariant@^2.1.1:
  version "2.2.4"
  resolved "http://registry.npm.alibaba-inc.com/invariant/download/invariant-2.2.4.tgz#610f3c92c9359ce1db616e538008d23ff35158e6"
  integrity sha1-YQ88ksk1nOHbYW5TgAjSP/NRWOY=
  dependencies:
    loose-envify "^1.0.0"

"js-tokens@^3.0.0 || ^4.0.0":
  version "4.0.0"
  resolved "http://registry.npm.alibaba-inc.com/js-tokens/download/js-tokens-4.0.0.tgz#19203fb59991df98e3a287050d4647cdeaf32499"
  integrity sha1-GSA/tZmR35jjoocFDUZHzerzJJk=

loose-envify@^1.0.0, loose-envify@^1.3.1:
  version "1.4.0"
  resolved "http://registry.npm.alibaba-inc.com/loose-envify/download/loose-envify-1.4.0.tgz#71ee51fa7be4caec1a63839f7e682d8132d30caf"
  integrity sha1-ce5R+nvkyuwaY4OffmgtgTLTDK8=
  dependencies:
    js-tokens "^3.0.0 || ^4.0.0"

moment@2.x:
  version "2.22.2"
  resolved "http://registry.npm.alibaba-inc.com/moment/download/moment-2.22.2.tgz#3c257f9839fc0e93ff53149632239eb90783ff66"
  integrity sha1-PCV/mDn8DpP/UxSWMiOeuQeD/2Y=

mustache@^2.3.0:
  version "2.3.2"
  resolved "http://registry.npm.alibaba-inc.com/mustache/download/mustache-2.3.2.tgz#a6d4d9c3f91d13359ab889a812954f9230a3d0c5"
  integrity sha1-ptTZw/kdEzWauImoEpVPkjCj0MU=

object-assign@^4.1.1:
  version "4.1.1"
  resolved "http://registry.npm.alibaba-inc.com/object-assign/download/object-assign-4.1.1.tgz#2109adc7965887cfc05cbbd442cac8bfbb360863"
  integrity sha1-IQmtx5ZYh8/AXLvUQsrIv7s2CGM=

prop-types@^15.6.2:
  version "15.6.2"
  resolved "http://registry.npm.alibaba-inc.com/prop-types/download/prop-types-15.6.2.tgz#05d5ca77b4453e985d60fc7ff8c859094a497102"
  integrity sha1-BdXKd7RFPphdYPx/+MhZCUpJcQI=
  dependencies:
    loose-envify "^1.3.1"
    object-assign "^4.1.1"

react-intl@^2.4.0:
  version "2.7.1"
  resolved "http://registry.npm.alibaba-inc.com/react-intl/download/react-intl-2.7.1.tgz#1223e3cc632d75ce33cc8acb44df0fff1818bf51"
  integrity sha1-EiPjzGMtdc4zzIrLRN8P/xgYv1E=
  dependencies:
    hoist-non-react-statics "^2.5.5"
    intl-format-cache "^2.0.5"
    intl-messageformat "^2.1.0"
    intl-relativeformat "^2.1.0"
    invariant "^2.1.1"
