# THIS IS AN AUTOGENERATED FILE. DO NOT EDIT THIS FILE DIRECTLY.
# yarn lockfile v1


is-url@1.2.4:
  version "1.2.4"
  resolved "https://registry.yarnpkg.com/is-url/-/is-url-1.2.4.tgz#04a4df46d28c4cff3d73d01ff06abeb318a1aa52"
  integrity sha512-ITvGim8FhRiYe4IQ5uHSkj7pVaPDrCTkNd3yq3cV7iZAcJdHTUMPMEHcqSOy9xZ9qFenQCvi+2wjH9a1nXqHww==

slash2@2.0.0:
  version "2.0.0"
  resolved "https://registry.yarnpkg.com/slash2/-/slash2-2.0.0.tgz#f4e0a11708b8545b912695981cf7096f52c63487"
  integrity sha512-7ElvBydJPi3MHU/KEOblFSbO/skl4Z69jKkFCpYIYVOMSIZsKi4gYU43HGeZPmjxCXrHekoDAAewphPQNnsqtA==
