# THIS IS AN AUTOGENERATED FILE. DO NOT EDIT THIS FILE DIRECTLY.
# yarn lockfile v1


is-url@^1.2.4:
  version "1.2.4"
  resolved "http://registry.npm.alibaba-inc.com/is-url/download/is-url-1.2.4.tgz#04a4df46d28c4cff3d73d01ff06abeb318a1aa52"
  integrity sha1-BKTfRtKMTP89c9Af8Gq+sxihqlI=

slash2@^2.0.0:
  version "2.0.0"
  resolved "http://registry.npm.alibaba-inc.com/slash2/download/slash2-2.0.0.tgz#f4e0a11708b8545b912695981cf7096f52c63487"
  integrity sha1-9OChFwi4VFuRJpWYHPcJb1LGNIc=
