# THIS IS AN AUTOGENERATED FILE. DO NOT EDIT THIS FILE DIRECTLY.
# yarn lockfile v1


is-url@1.2.4:
  version "1.2.4"
  resolved "https://registry.yarnpkg.com/is-url/-/is-url-1.2.4.tgz#04a4df46d28c4cff3d73d01ff06abeb318a1aa52"

slash2@2.0.0:
  version "2.0.0"
  resolved "https://registry.yarnpkg.com/slash2/-/slash2-2.0.0.tgz#f4e0a11708b8545b912695981cf7096f52c63487"

webpack-node-externals@^1.7.2:
  version "1.7.2"
  resolved "http://r.cnpmjs.org/webpack-node-externals/download/webpack-node-externals-1.7.2.tgz#6e1ee79ac67c070402ba700ef033a9b8d52ac4e3"
