# THIS IS AN AUTOGENERATED FILE. DO NOT EDIT THIS FILE DIRECTLY.
# yarn lockfile v1


"@types/anymatch@*":
  version "1.3.1"
  resolved "https://r.cnpmjs.org/@types/anymatch/download/@types/anymatch-1.3.1.tgz#336badc1beecb9dacc38bea2cf32adf627a8421a"
  integrity sha1-M2utwb7sudrMOL6izzKt9ieoQho=

"@types/cheerio@^0.22.10":
  version "0.22.15"
  resolved "https://r.cnpmjs.org/@types/cheerio/download/@types/cheerio-0.22.15.tgz#69040ffa92c309beeeeb7e92db66ac3f80700c0b"
  integrity sha1-aQQP+pLDCb7u636S22asP4BwDAs=
  dependencies:
    "@types/node" "*"

"@types/debug@^4.1.5":
  version "4.1.5"
  resolved "https://r.cnpmjs.org/@types/debug/download/@types/debug-4.1.5.tgz#b14efa8852b7768d898906613c23f688713e02cd"
  integrity sha1-sU76iFK3do2JiQZhPCP2iHE+As0=

"@types/hoist-non-react-statics@^3.3.0":
  version "3.3.1"
  resolved "https://r.cnpmjs.org/@types/hoist-non-react-statics/download/@types/hoist-non-react-statics-3.3.1.tgz#1124aafe5118cb591977aeb1ceaaed1070eb039f"
  integrity sha1-ESSq/lEYy1kZd66xzqrtEHDrA58=
  dependencies:
    "@types/react" "*"
    hoist-non-react-statics "^3.3.0"

"@types/lodash@^4.14.136":
  version "4.14.149"
  resolved "https://r.cnpmjs.org/@types/lodash/download/@types/lodash-4.14.149.tgz#1342d63d948c6062838fbf961012f74d4e638440"
  integrity sha1-E0LWPZSMYGKDj7+WEBL3TU5jhEA=

"@types/moment@^2.13.0":
  version "2.13.0"
  resolved "https://r.cnpmjs.org/@types/moment/download/@types/moment-2.13.0.tgz#604ebd189bc3bc34a1548689404e61a2a4aac896"
  integrity sha1-YE69GJvDvDShVIaJQE5hoqSqyJY=
  dependencies:
    moment "*"

"@types/node@*":
  version "12.12.17"
  resolved "https://r.cnpmjs.org/@types/node/download/@types/node-12.12.17.tgz#191b71e7f4c325ee0fb23bc4a996477d92b8c39b"
  integrity sha1-GRtx5/TDJe4PsjvEqZZHfZK4w5s=

"@types/prop-types@*":
  version "15.7.3"
  resolved "https://r.cnpmjs.org/@types/prop-types/download/@types/prop-types-15.7.3.tgz#2ab0d5da2e5815f94b0b9d4b95d1e5f243ab2ca7"
  integrity sha1-KrDV2i5YFflLC51LldHl8kOrLKc=

"@types/react-redux@^7.1.2":
  version "7.1.5"
  resolved "https://r.cnpmjs.org/@types/react-redux/download/@types/react-redux-7.1.5.tgz#c7a528d538969250347aa53c52241051cf886bd3"
  integrity sha1-x6Uo1TiWklA0eqU8UiQQUc+Ia9M=
  dependencies:
    "@types/hoist-non-react-statics" "^3.3.0"
    "@types/react" "*"
    hoist-non-react-statics "^3.3.0"
    redux "^4.0.0"

"@types/react@*", "@types/react@^16.8.25":
  version "16.9.16"
  resolved "https://r.cnpmjs.org/@types/react/download/@types/react-16.9.16.tgz#4f12515707148b1f53a8eaa4341dae5dfefb066d"
  integrity sha1-TxJRVwcUix9TqOqkNB2uXf77Bm0=
  dependencies:
    "@types/prop-types" "*"
    csstype "^2.2.0"

"@types/signale@^1.2.1":
  version "1.2.1"
  resolved "https://r.cnpmjs.org/@types/signale/download/@types/signale-1.2.1.tgz#7ff3d477e8d5983b7ecef544f5830c3cb271d1a8"
  integrity sha1-f/PUd+jVmDt+zvVE9YMMPLJx0ag=
  dependencies:
    "@types/node" "*"

"@types/source-list-map@*":
  version "0.1.2"
  resolved "https://r.cnpmjs.org/@types/source-list-map/download/@types/source-list-map-0.1.2.tgz#0078836063ffaf17412349bba364087e0ac02ec9"
  integrity sha1-AHiDYGP/rxdBI0m7o2QIfgrALsk=

"@types/tapable@*":
  version "1.0.4"
  resolved "https://r.cnpmjs.org/@types/tapable/download/@types/tapable-1.0.4.tgz#b4ffc7dc97b498c969b360a41eee247f82616370"
  integrity sha1-tP/H3Je0mMlps2CkHu4kf4JhY3A=

"@types/uglify-js@*":
  version "3.0.4"
  resolved "https://r.cnpmjs.org/@types/uglify-js/download/@types/uglify-js-3.0.4.tgz#96beae23df6f561862a830b4288a49e86baac082"
  integrity sha1-lr6uI99vVhhiqDC0KIpJ6GuqwII=
  dependencies:
    source-map "^0.6.1"

"@types/webpack-chain@^5.0.1":
  version "5.2.0"
  resolved "https://r.cnpmjs.org/@types/webpack-chain/download/@types/webpack-chain-5.2.0.tgz#ccd2d75d57e962ad7372077701ce2c711fc985c6"
  integrity sha1-zNLXXVfpYq1zcgd3Ac4scR/JhcY=
  dependencies:
    webpack-chain "*"

"@types/webpack-sources@*":
  version "0.1.5"
  resolved "https://r.cnpmjs.org/@types/webpack-sources/download/@types/webpack-sources-0.1.5.tgz#be47c10f783d3d6efe1471ff7f042611bd464a92"
  integrity sha1-vkfBD3g9PW7+FHH/fwQmEb1GSpI=
  dependencies:
    "@types/node" "*"
    "@types/source-list-map" "*"
    source-map "^0.6.1"

"@types/webpack@^4.4.23":
  version "4.41.0"
  resolved "https://r.cnpmjs.org/@types/webpack/download/@types/webpack-4.41.0.tgz#b813a044d8b0dec7dfcd7622fdbe327bde06eb9a"
  integrity sha1-uBOgRNiw3sffzXYi/b4ye94G65o=
  dependencies:
    "@types/anymatch" "*"
    "@types/node" "*"
    "@types/tapable" "*"
    "@types/uglify-js" "*"
    "@types/webpack-sources" "*"
    source-map "^0.6.0"

"@types/xterm@^3.0.0":
  version "3.0.0"
  resolved "https://r.cnpmjs.org/@types/xterm/download/@types/xterm-3.0.0.tgz#5b177010903ee1dc26fdc25d6e4e1f2490d44ce6"
  integrity sha1-WxdwEJA+4dwm/cJdbk4fJJDUTOY=
  dependencies:
    xterm "*"

csstype@^2.2.0:
  version "2.6.7"
  resolved "https://r.cnpmjs.org/csstype/download/csstype-2.6.7.tgz#20b0024c20b6718f4eda3853a1f5a1cce7f5e4a5"
  integrity sha1-ILACTCC2cY9O2jhTofWhzOf15KU=

deepmerge@^1.5.2:
  version "1.5.2"
  resolved "https://r.cnpmjs.org/deepmerge/download/deepmerge-1.5.2.tgz#10499d868844cdad4fee0842df8c7f6f0c95a753"
  integrity sha1-EEmdhohEza1P7ghC34x/bwyVp1M=

hoist-non-react-statics@^3.3.0:
  version "3.3.1"
  resolved "https://r.cnpmjs.org/hoist-non-react-statics/download/hoist-non-react-statics-3.3.1.tgz#101685d3aff3b23ea213163f6e8e12f4f111e19f"
  integrity sha1-EBaF06/zsj6iExY/bo4S9PER4Z8=
  dependencies:
    react-is "^16.7.0"

javascript-stringify@^2.0.0:
  version "2.0.1"
  resolved "https://r.cnpmjs.org/javascript-stringify/download/javascript-stringify-2.0.1.tgz#6ef358035310e35d667c675ed63d3eb7c1aa19e5"
  integrity sha1-bvNYA1MQ411mfGde1j0+t8GqGeU=

"js-tokens@^3.0.0 || ^4.0.0":
  version "4.0.0"
  resolved "https://r.cnpmjs.org/js-tokens/download/js-tokens-4.0.0.tgz#19203fb59991df98e3a287050d4647cdeaf32499"
  integrity sha1-GSA/tZmR35jjoocFDUZHzerzJJk=

loose-envify@^1.4.0:
  version "1.4.0"
  resolved "https://r.cnpmjs.org/loose-envify/download/loose-envify-1.4.0.tgz#71ee51fa7be4caec1a63839f7e682d8132d30caf"
  integrity sha1-ce5R+nvkyuwaY4OffmgtgTLTDK8=
  dependencies:
    js-tokens "^3.0.0 || ^4.0.0"

moment@*:
  version "2.24.0"
  resolved "https://r.cnpmjs.org/moment/download/moment-2.24.0.tgz#0d055d53f5052aa653c9f6eb68bb5d12bf5c2b5b"
  integrity sha1-DQVdU/UFKqZTyfbraLtdEr9cK1s=

react-is@^16.7.0:
  version "16.12.0"
  resolved "https://r.cnpmjs.org/react-is/download/react-is-16.12.0.tgz#2cc0fe0fba742d97fd527c42a13bec4eeb06241c"
  integrity sha1-LMD+D7p0LZf9UnxCoTvsTusGJBw=

redux@^4.0.0:
  version "4.0.4"
  resolved "https://r.cnpmjs.org/redux/download/redux-4.0.4.tgz#4ee1aeb164b63d6a1bcc57ae4aa0b6e6fa7a3796"
  integrity sha1-TuGusWS2PWobzFeuSqC25vp6N5Y=
  dependencies:
    loose-envify "^1.4.0"
    symbol-observable "^1.2.0"

source-map@^0.6.0, source-map@^0.6.1:
  version "0.6.1"
  resolved "https://r.cnpmjs.org/source-map/download/source-map-0.6.1.tgz#74722af32e9614e9c287a8d0bbde48b5e2f1a263"
  integrity sha1-dHIq8y6WFOnCh6jQu95IteLxomM=

symbol-observable@^1.2.0:
  version "1.2.0"
  resolved "https://r.cnpmjs.org/symbol-observable/download/symbol-observable-1.2.0.tgz#c22688aed4eab3cdc2dfeacbb561660560a00804"
  integrity sha1-wiaIrtTqs83C3+rLtWFmBWCgCAQ=

umi-types@0.5.8:
  version "0.5.8"
  resolved "https://r.cnpmjs.org/umi-types/download/umi-types-0.5.8.tgz#1ea497f36a9e275d61c232c8be66759d290a872d"
  integrity sha1-HqSX82qeJ11hwjLIvmZ1nSkKhy0=
  dependencies:
    "@types/cheerio" "^0.22.10"
    "@types/debug" "^4.1.5"
    "@types/lodash" "^4.14.136"
    "@types/moment" "^2.13.0"
    "@types/react" "^16.8.25"
    "@types/react-redux" "^7.1.2"
    "@types/signale" "^1.2.1"
    "@types/webpack" "^4.4.23"
    "@types/webpack-chain" "^5.0.1"
    "@types/xterm" "^3.0.0"

webpack-chain@*:
  version "6.0.0"
  resolved "https://r.cnpmjs.org/webpack-chain/download/webpack-chain-6.0.0.tgz#9c36525a1271a54e7bfd1791199b395f400ae4f1"
  integrity sha1-nDZSWhJxpU57/ReRGZs5X0AK5PE=
  dependencies:
    deepmerge "^1.5.2"
    javascript-stringify "^2.0.0"

xterm@*:
  version "4.3.0"
  resolved "https://r.cnpmjs.org/xterm/download/xterm-4.3.0.tgz#9a302efefe75172d4f7ea3afc20f9bd983f05027"
  integrity sha1-mjAu/v51Fy1PfqOvwg+b2YPwUCc=
