# THIS IS AN AUTOGENERATED FILE. DO NOT EDIT THIS FILE DIRECTLY.
# yarn lockfile v1


"@types/anymatch@*":
  version "1.3.1"
  resolved "https://registry.yarnpkg.com/@types/anymatch/-/anymatch-1.3.1.tgz#336badc1beecb9dacc38bea2cf32adf627a8421a"
  integrity sha512-/+CRPXpBDpo2RK9C68N3b2cOvO0Cf5B9aPijHsoDQTHivnGSObdOF2BRQOYjojWTDy6nQvMjmqRXIxH55VjxxA==

"@types/cheerio@^0.22.10":
  version "0.22.13"
  resolved "https://registry.yarnpkg.com/@types/cheerio/-/cheerio-0.22.13.tgz#5eecda091a24514185dcba99eda77e62bf6523e6"
  integrity sha512-OZd7dCUOUkiTorf97vJKwZnSja/DmHfuBAroe1kREZZTCf/tlFecwHhsOos3uVHxeKGZDwzolIrCUApClkdLuA==
  dependencies:
    "@types/node" "*"

"@types/debug@^4.1.5":
  version "4.1.5"
  resolved "https://registry.yarnpkg.com/@types/debug/-/debug-4.1.5.tgz#b14efa8852b7768d898906613c23f688713e02cd"
  integrity sha512-Q1y515GcOdTHgagaVFhHnIFQ38ygs/kmxdNpvpou+raI9UO3YZcHDngBSYKQklcKlvA7iuQlmIKbzvmxcOE9CQ==

"@types/hoist-non-react-statics@^3.3.0":
  version "3.3.1"
  resolved "https://registry.yarnpkg.com/@types/hoist-non-react-statics/-/hoist-non-react-statics-3.3.1.tgz#1124aafe5118cb591977aeb1ceaaed1070eb039f"
  integrity sha512-iMIqiko6ooLrTh1joXodJK5X9xeEALT1kM5G3ZLhD3hszxBdIEd5C75U834D9mLcINgD4OyZf5uQXjkuYydWvA==
  dependencies:
    "@types/react" "*"
    hoist-non-react-statics "^3.3.0"

"@types/lodash@^4.14.136":
  version "4.14.138"
  resolved "https://registry.yarnpkg.com/@types/lodash/-/lodash-4.14.138.tgz#34f52640d7358230308344e579c15b378d91989e"
  integrity sha512-A4uJgHz4hakwNBdHNPdxOTkYmXNgmUAKLbXZ7PKGslgeV0Mb8P3BlbYfPovExek1qnod4pDfRbxuzcVs3dlFLg==

"@types/moment@^2.13.0":
  version "2.13.0"
  resolved "https://registry.yarnpkg.com/@types/moment/-/moment-2.13.0.tgz#604ebd189bc3bc34a1548689404e61a2a4aac896"
  integrity sha1-YE69GJvDvDShVIaJQE5hoqSqyJY=
  dependencies:
    moment "*"

"@types/node@*":
  version "12.7.5"
  resolved "https://registry.yarnpkg.com/@types/node/-/node-12.7.5.tgz#e19436e7f8e9b4601005d73673b6dc4784ffcc2f"
  integrity sha512-9fq4jZVhPNW8r+UYKnxF1e2HkDWOWKM5bC2/7c9wPV835I0aOrVbS/Hw/pWPk2uKrNXQqg9Z959Kz+IYDd5p3w==

"@types/prop-types@*":
  version "15.7.2"
  resolved "https://registry.yarnpkg.com/@types/prop-types/-/prop-types-15.7.2.tgz#0e58ae66773d7fd7c372a493aff740878ec9ceaa"
  integrity sha512-f8JzJNWVhKtc9dg/dyDNfliTKNOJSLa7Oht/ElZdF/UbMUmAH3rLmAk3ODNjw0mZajDEgatA03tRjB4+Dp/tzA==

"@types/react-redux@^7.1.2":
  version "7.1.2"
  resolved "https://registry.yarnpkg.com/@types/react-redux/-/react-redux-7.1.2.tgz#02303b77d87e54f327c09507cf80ee3ca3063898"
  integrity sha512-Iim6UCtD0mZX9U3jBuT6ZObBZ8UlakoOgefiRgi5wakfbNnXd3TUwwUMgi3Ijc0fxsPLZ5ULoz0oDy15YIaLmQ==
  dependencies:
    "@types/hoist-non-react-statics" "^3.3.0"
    "@types/react" "*"
    hoist-non-react-statics "^3.3.0"
    redux "^4.0.0"

"@types/react@*", "@types/react@^16.8.25":
  version "16.9.2"
  resolved "https://registry.yarnpkg.com/@types/react/-/react-16.9.2.tgz#6d1765431a1ad1877979013906731aae373de268"
  integrity sha512-jYP2LWwlh+FTqGd9v7ynUKZzjj98T8x7Yclz479QdRhHfuW9yQ+0jjnD31eXSXutmBpppj5PYNLYLRfnZJvcfg==
  dependencies:
    "@types/prop-types" "*"
    csstype "^2.2.0"

"@types/signale@^1.2.1":
  version "1.2.1"
  resolved "https://registry.yarnpkg.com/@types/signale/-/signale-1.2.1.tgz#7ff3d477e8d5983b7ecef544f5830c3cb271d1a8"
  integrity sha512-mV6s2VgcBC16Jb+1EwulgRrrZBT93V4JCILkNPg31rvvSK6LRQQGU8R/SUivgHjDZ5LJZu/yL2kMF8j85YQTnA==
  dependencies:
    "@types/node" "*"

"@types/source-list-map@*":
  version "0.1.2"
  resolved "https://registry.yarnpkg.com/@types/source-list-map/-/source-list-map-0.1.2.tgz#0078836063ffaf17412349bba364087e0ac02ec9"
  integrity sha512-K5K+yml8LTo9bWJI/rECfIPrGgxdpeNbj+d53lwN4QjW1MCwlkhUms+gtdzigTeUyBr09+u8BwOIY3MXvHdcsA==

"@types/tapable@*":
  version "1.0.4"
  resolved "https://registry.yarnpkg.com/@types/tapable/-/tapable-1.0.4.tgz#b4ffc7dc97b498c969b360a41eee247f82616370"
  integrity sha512-78AdXtlhpCHT0K3EytMpn4JNxaf5tbqbLcbIRoQIHzpTIyjpxLQKRoxU55ujBXAtg3Nl2h/XWvfDa9dsMOd0pQ==

"@types/uglify-js@*":
  version "3.0.4"
  resolved "https://registry.yarnpkg.com/@types/uglify-js/-/uglify-js-3.0.4.tgz#96beae23df6f561862a830b4288a49e86baac082"
  integrity sha512-SudIN9TRJ+v8g5pTG8RRCqfqTMNqgWCKKd3vtynhGzkIIjxaicNAMuY5TRadJ6tzDu3Dotf3ngaMILtmOdmWEQ==
  dependencies:
    source-map "^0.6.1"

"@types/webpack-chain@^5.0.1":
  version "5.2.0"
  resolved "https://registry.yarnpkg.com/@types/webpack-chain/-/webpack-chain-5.2.0.tgz#ccd2d75d57e962ad7372077701ce2c711fc985c6"
  integrity sha512-/DhcbcUcN593BvM7g/o6JWNiJ7bBSdk8g0kynUc2jktjGTHeVVANn5rGfnC1QW5bbiupj82pSQpmhFLKIfrFbw==
  dependencies:
    webpack-chain "*"

"@types/webpack-sources@*":
  version "0.1.5"
  resolved "https://registry.yarnpkg.com/@types/webpack-sources/-/webpack-sources-0.1.5.tgz#be47c10f783d3d6efe1471ff7f042611bd464a92"
  integrity sha512-zfvjpp7jiafSmrzJ2/i3LqOyTYTuJ7u1KOXlKgDlvsj9Rr0x7ZiYu5lZbXwobL7lmsRNtPXlBfmaUD8eU2Hu8w==
  dependencies:
    "@types/node" "*"
    "@types/source-list-map" "*"
    source-map "^0.6.1"

"@types/webpack@^4.4.23":
  version "4.39.1"
  resolved "https://registry.yarnpkg.com/@types/webpack/-/webpack-4.39.1.tgz#d76cd551cc851198f67f75ff3e26551d204530e9"
  integrity sha512-rgO9ihNu/l72Sjx3shqwc9r6gi+tOMsqxhMEZhOEVIZt82GFOeUyEdpTk1BO2HqEHLS/XJW8ldUTIIfIMMyYFQ==
  dependencies:
    "@types/anymatch" "*"
    "@types/node" "*"
    "@types/tapable" "*"
    "@types/uglify-js" "*"
    "@types/webpack-sources" "*"
    source-map "^0.6.0"

"@types/xterm@^3.0.0":
  version "3.0.0"
  resolved "https://registry.yarnpkg.com/@types/xterm/-/xterm-3.0.0.tgz#5b177010903ee1dc26fdc25d6e4e1f2490d44ce6"
  integrity sha512-+VaAJQmE7E1d1ebkIh/Zdc2mbXBVwxZGGSgqwzDPpk/HKo0mNT+iX5ZrnswztHSV+CDV+bURl7Yg7PWF7IZfXQ==
  dependencies:
    xterm "*"

csstype@^2.2.0:
  version "2.6.6"
  resolved "https://registry.yarnpkg.com/csstype/-/csstype-2.6.6.tgz#c34f8226a94bbb10c32cc0d714afdf942291fc41"
  integrity sha512-RpFbQGUE74iyPgvr46U9t1xoQBM8T4BL8SxrN66Le2xYAPSaDJJKeztV3awugusb3g3G9iL8StmkBBXhcbbXhg==

deepmerge@^1.5.2:
  version "1.5.2"
  resolved "https://registry.yarnpkg.com/deepmerge/-/deepmerge-1.5.2.tgz#10499d868844cdad4fee0842df8c7f6f0c95a753"
  integrity sha512-95k0GDqvBjZavkuvzx/YqVLv/6YYa17fz6ILMSf7neqQITCPbnfEnQvEgMPNjH4kgobe7+WIL0yJEHku+H3qtQ==

hoist-non-react-statics@^3.3.0:
  version "3.3.0"
  resolved "https://registry.yarnpkg.com/hoist-non-react-statics/-/hoist-non-react-statics-3.3.0.tgz#b09178f0122184fb95acf525daaecb4d8f45958b"
  integrity sha512-0XsbTXxgiaCDYDIWFcwkmerZPSwywfUqYmwT4jzewKTQSWoE6FCMoUVOeBJWK3E/CrWbxRG3m5GzY4lnIwGRBA==
  dependencies:
    react-is "^16.7.0"

javascript-stringify@^2.0.0:
  version "2.0.0"
  resolved "https://registry.yarnpkg.com/javascript-stringify/-/javascript-stringify-2.0.0.tgz#ef750216ae66504ffd670b68c8b8aa07bdf7b588"
  integrity sha512-zzK8+ByrzvOL6N92hRewwUKL0wN0TOaIuUjX0Jj8lraxWvr5wHYs2YTjaj2lstF+8qMv5cmPPef47va8NT8lDw==

"js-tokens@^3.0.0 || ^4.0.0":
  version "4.0.0"
  resolved "https://registry.yarnpkg.com/js-tokens/-/js-tokens-4.0.0.tgz#19203fb59991df98e3a287050d4647cdeaf32499"
  integrity sha512-RdJUflcE3cUzKiMqQgsCu06FPu9UdIJO0beYbPhHN4k6apgJtifcoCtT9bcxOpYBtpD2kCM6Sbzg4CausW/PKQ==

loose-envify@^1.4.0:
  version "1.4.0"
  resolved "https://registry.yarnpkg.com/loose-envify/-/loose-envify-1.4.0.tgz#71ee51fa7be4caec1a63839f7e682d8132d30caf"
  integrity sha512-lyuxPGr/Wfhrlem2CL/UcnUc1zcqKAImBDzukY7Y5F/yQiNdko6+fRLevlw1HgMySw7f611UIY408EtxRSoK3Q==
  dependencies:
    js-tokens "^3.0.0 || ^4.0.0"

moment@*:
  version "2.24.0"
  resolved "https://registry.yarnpkg.com/moment/-/moment-2.24.0.tgz#0d055d53f5052aa653c9f6eb68bb5d12bf5c2b5b"
  integrity sha512-bV7f+6l2QigeBBZSM/6yTNq4P2fNpSWj/0e7jQcy87A8e7o2nAfP/34/2ky5Vw4B9S446EtIhodAzkFCcR4dQg==

react-is@^16.7.0:
  version "16.9.0"
  resolved "https://registry.yarnpkg.com/react-is/-/react-is-16.9.0.tgz#21ca9561399aad0ff1a7701c01683e8ca981edcb"
  integrity sha512-tJBzzzIgnnRfEm046qRcURvwQnZVXmuCbscxUO5RWrGTXpon2d4c8mI0D8WE6ydVIm29JiLB6+RslkIvym9Rjw==

redux@^4.0.0:
  version "4.0.4"
  resolved "https://registry.yarnpkg.com/redux/-/redux-4.0.4.tgz#4ee1aeb164b63d6a1bcc57ae4aa0b6e6fa7a3796"
  integrity sha512-vKv4WdiJxOWKxK0yRoaK3Y4pxxB0ilzVx6dszU2W8wLxlb2yikRph4iV/ymtdJ6ZxpBLFbyrxklnT5yBbQSl3Q==
  dependencies:
    loose-envify "^1.4.0"
    symbol-observable "^1.2.0"

source-map@^0.6.0, source-map@^0.6.1:
  version "0.6.1"
  resolved "https://registry.yarnpkg.com/source-map/-/source-map-0.6.1.tgz#74722af32e9614e9c287a8d0bbde48b5e2f1a263"
  integrity sha512-UjgapumWlbMhkBgzT7Ykc5YXUT46F0iKu8SGXq0bcwP5dz/h0Plj6enJqjz1Zbq2l5WaqYnrVbwWOWMyF3F47g==

symbol-observable@^1.2.0:
  version "1.2.0"
  resolved "https://registry.yarnpkg.com/symbol-observable/-/symbol-observable-1.2.0.tgz#c22688aed4eab3cdc2dfeacbb561660560a00804"
  integrity sha512-e900nM8RRtGhlV36KGEU9k65K3mPb1WV70OdjfxlG2EAuM1noi/E/BaW/uMhL7bPEssK8QV57vN3esixjUvcXQ==

webpack-chain@*:
  version "6.0.0"
  resolved "https://registry.yarnpkg.com/webpack-chain/-/webpack-chain-6.0.0.tgz#9c36525a1271a54e7bfd1791199b395f400ae4f1"
  integrity sha512-NK62XgJOOSmYs4kaXFIKKeClpuOVHY7m6e4XwxbVX/2HAUboH6xFCTVXMVv8+jB6K8o/UGjlo1Cv3XXOyNAAGw==
  dependencies:
    deepmerge "^1.5.2"
    javascript-stringify "^2.0.0"

xterm@*:
  version "4.0.2"
  resolved "https://registry.yarnpkg.com/xterm/-/xterm-4.0.2.tgz#c6a1b9586c0786627625e2ee9e78ad519dbc8c99"
  integrity sha512-NIr11b6C782TZznU8e6K/IMfmwlWMWRI6ba9GEDG9uX25SadkpjoMnzvxOS0Z/15sfrbn0rghPiarGDmmP0uhQ==
