# THIS IS AN AUTOGENERATED FILE. DO NOT EDIT THIS FILE DIRECTLY.
# yarn lockfile v1


"@babel/runtime-corejs2@^7.2.0":
  version "7.5.5"
  resolved "https://registry.yarnpkg.com/@babel/runtime-corejs2/-/runtime-corejs2-7.5.5.tgz#c3214c08ef20341af4187f1c9fbdc357fbec96b2"
  integrity sha512-FYATQVR00NSNi7mUfpPDp7E8RYMXDuO8gaix7u/w3GekfUinKgX1AcTxs7SoiEmoEW9mbpjrwqWSW6zCmw5h8A==
  dependencies:
    core-js "^2.6.5"
    regenerator-runtime "^0.13.2"

core-js@^2.6.5:
  version "2.6.9"
  resolved "https://registry.yarnpkg.com/core-js/-/core-js-2.6.9.tgz#6b4b214620c834152e179323727fc19741b084f2"
  integrity sha512-HOpZf6eXmnl7la+cUdMnLvUxKNqLUzJvgIziQ0DiF3JwSImNphIqdGqzj6hIKyX04MmV0poclQ7+wjWvxQyR2A==

decamelize@3.2.0:
  version "3.2.0"
  resolved "https://registry.yarnpkg.com/decamelize/-/decamelize-3.2.0.tgz#84b8e8f4f8c579f938e35e2cc7024907e0090851"
  integrity sha512-4TgkVUsmmu7oCSyGBm5FvfMoACuoh9EOidm7V5/J2X2djAwwt57qb3F2KMP2ITqODTCSwb+YRV+0Zqrv18k/hw==
  dependencies:
    xregexp "^4.2.4"

regenerator-runtime@^0.13.2:
  version "0.13.3"
  resolved "https://registry.yarnpkg.com/regenerator-runtime/-/regenerator-runtime-0.13.3.tgz#7cf6a77d8f5c6f60eb73c5fc1955b2ceb01e6bf5"
  integrity sha512-naKIZz2GQ8JWh///G7L3X6LaQUAMp2lvb1rvwwsURe/VXwD6VMfr+/1NuNw3ag8v2kY1aQ/go5SNn79O9JU7yw==

xregexp@^4.2.4:
  version "4.2.4"
  resolved "https://registry.yarnpkg.com/xregexp/-/xregexp-4.2.4.tgz#02a4aea056d65a42632c02f0233eab8e4d7e57ed"
  integrity sha512-sO0bYdYeJAJBcJA8g7MJJX7UrOZIfJPd8U2SC7B2Dd/J24U0aQNoGp33shCaBSWeb0rD5rh6VBUIXOkGal1TZA==
  dependencies:
    "@babel/runtime-corejs2" "^7.2.0"
