# THIS IS AN AUTOGENERATED FILE. DO NOT EDIT THIS FILE DIRECTLY.
# yarn lockfile v1


"@types/anymatch@*":
  version "1.3.1"
  resolved "https://registry.yarnpkg.com/@types/anymatch/-/anymatch-1.3.1.tgz#336badc1beecb9dacc38bea2cf32adf627a8421a"
  integrity sha512-/+CRPXpBDpo2RK9C68N3b2cOvO0Cf5B9aPijHsoDQTHivnGSObdOF2BRQOYjojWTDy6nQvMjmqRXIxH55VjxxA==

"@types/cheerio@^0.22.10":
  version "0.22.10"
  resolved "https://registry.yarnpkg.com/@types/cheerio/-/cheerio-0.22.10.tgz#780d552467824be4a241b29510a7873a7432c4a6"
  integrity sha512-fOM/Jhv51iyugY7KOBZz2ThfT1gwvsGCfWxpLpZDgkGjpEO4Le9cld07OdskikLjDUQJ43dzDaVRSFwQlpdqVg==

"@types/node@*":
  version "11.9.4"
  resolved "https://registry.yarnpkg.com/@types/node/-/node-11.9.4.tgz#ceb0048a546db453f6248f2d1d95e937a6f00a14"
  integrity sha512-Zl8dGvAcEmadgs1tmSPcvwzO1YRsz38bVJQvH1RvRqSR9/5n61Q1ktcDL0ht3FXWR+ZpVmXVwN1LuH4Ax23NsA==

"@types/tapable@*":
  version "1.0.4"
  resolved "https://registry.yarnpkg.com/@types/tapable/-/tapable-1.0.4.tgz#b4ffc7dc97b498c969b360a41eee247f82616370"
  integrity sha512-78AdXtlhpCHT0K3EytMpn4JNxaf5tbqbLcbIRoQIHzpTIyjpxLQKRoxU55ujBXAtg3Nl2h/XWvfDa9dsMOd0pQ==

"@types/uglify-js@*":
  version "3.0.4"
  resolved "https://registry.yarnpkg.com/@types/uglify-js/-/uglify-js-3.0.4.tgz#96beae23df6f561862a830b4288a49e86baac082"
  integrity sha512-SudIN9TRJ+v8g5pTG8RRCqfqTMNqgWCKKd3vtynhGzkIIjxaicNAMuY5TRadJ6tzDu3Dotf3ngaMILtmOdmWEQ==
  dependencies:
    source-map "^0.6.1"

"@types/webpack@^4.4.23":
  version "4.4.24"
  resolved "https://registry.yarnpkg.com/@types/webpack/-/webpack-4.4.24.tgz#75bc301176066f566ec54151b6101c2b45abb8b2"
  integrity sha512-yg99CjvB7xZ/iuHrsZ7dkGKoq/FRDzqLzAxKh2EmTem6FWjzrty4FqCqBYuX5z+MFwSaaQGDAX4Q9HQkLjGLnQ==
  dependencies:
    "@types/anymatch" "*"
    "@types/node" "*"
    "@types/tapable" "*"
    "@types/uglify-js" "*"
    source-map "^0.6.0"

extend2@1.0.0:
  version "1.0.0"
  resolved "https://registry.yarnpkg.com/extend2/-/extend2-1.0.0.tgz#0425a989b4dac2a486a32257f5140103756a7a3c"
  integrity sha1-BCWpibTawqSGoyJX9RQBA3Vqejw=

source-map@^0.6.0, source-map@^0.6.1:
  version "0.6.1"
  resolved "https://registry.yarnpkg.com/source-map/-/source-map-0.6.1.tgz#74722af32e9614e9c287a8d0bbde48b5e2f1a263"
  integrity sha512-UjgapumWlbMhkBgzT7Ykc5YXUT46F0iKu8SGXq0bcwP5dz/h0Plj6enJqjz1Zbq2l5WaqYnrVbwWOWMyF3F47g==

umi-plugin-types@^0.3.2:
  version "0.3.2"
  resolved "https://registry.yarnpkg.com/umi-plugin-types/-/umi-plugin-types-0.3.2.tgz#0ae81c334693bc1cae8cf2c29bf0ebde354e5bd4"
  integrity sha512-Uc5fzKgFpZnH0nzWoICs0q1kOTaGqGmTWXnmQWBxJSSmfeCH8a/XRv6om/68K4LpQfBUk9s0VMN9UnkGeB+eWw==
  dependencies:
    "@types/cheerio" "^0.22.10"
    "@types/webpack" "^4.4.23"
