# THIS IS AN AUTOGENERATED FILE. DO NOT EDIT THIS FILE DIRECTLY.
# yarn lockfile v1


"@sindresorhus/is@^0.14.0":
  version "0.14.0"
  resolved "https://registry.yarnpkg.com/@sindresorhus/is/-/is-0.14.0.tgz#9fb3a3cf3132328151f353de4632e01e52102bea"
  integrity sha512-9NET910DNaIPngYnLLPeg+Ogzqsi9uM4mSboU5y6p8S5DzMTVEsJZrawi+BoDNUVBa2DhJqQYUFvMDfgU062LQ==

"@szmarczak/http-timer@^1.1.2":
  version "1.1.2"
  resolved "https://registry.yarnpkg.com/@szmarczak/http-timer/-/http-timer-1.1.2.tgz#b1665e2c461a2cd92f4c1bbf50d5454de0d4b421"
  integrity sha512-XIB2XbzHTN6ieIjfIMV9hlVcfPU26s2vafYWQcZHWXHOxiaRZYEDKEwdl129Zyg50+foYV2jCgtrqSA6qNuNSA==
  dependencies:
    defer-to-connect "^1.0.1"

"@types/got@9.6.0":
  version "9.6.0"
  resolved "https://registry.yarnpkg.com/@types/got/-/got-9.6.0.tgz#bba73ff0a46b2691ddb3d86e89f8b2f43ebb829d"
  integrity sha512-t00QebxBllcawe7uMxi9jsfWfbki4+/zpJEPyoGWjUvnFOy4EkAzoYOI2UJt2+Fx0yIcDX2+us93k6ensKTddA==
  dependencies:
    "@types/node" "*"
    "@types/tough-cookie" "*"

"@types/node@*":
  version "12.0.8"
  resolved "https://registry.yarnpkg.com/@types/node/-/node-12.0.8.tgz#551466be11b2adc3f3d47156758f610bd9f6b1d8"
  integrity sha512-b8bbUOTwzIY3V5vDTY1fIJ+ePKDUBqt2hC2woVGotdQQhG/2Sh62HOKHrT7ab+VerXAcPyAiTEipPu/FsreUtg==

"@types/tough-cookie@*":
  version "2.3.5"
  resolved "https://registry.yarnpkg.com/@types/tough-cookie/-/tough-cookie-2.3.5.tgz#9da44ed75571999b65c37b60c9b2b88db54c585d"
  integrity sha512-SCcK7mvGi3+ZNz833RRjFIxrn4gI1PPR3NtuIS+6vMkvmsGjosqTJwRt5bAEFLRz+wtJMWv8+uOnZf2hi2QXTg==

ajv-errors@^1.0.0:
  version "1.0.1"
  resolved "https://registry.yarnpkg.com/ajv-errors/-/ajv-errors-1.0.1.tgz#f35986aceb91afadec4102fbd85014950cefa64d"
  integrity sha512-DCRfO/4nQ+89p/RK43i8Ezd41EqdGIU4ld7nGF8OQ14oc/we5rEntLCUa7+jrn3nn83BosfwZA0wb4pon2o8iQ==

ajv-keywords@^3.1.0:
  version "3.4.0"
  resolved "https://registry.yarnpkg.com/ajv-keywords/-/ajv-keywords-3.4.0.tgz#4b831e7b531415a7cc518cd404e73f6193c6349d"
  integrity sha512-aUjdRFISbuFOl0EIZc+9e4FfZp0bDZgAdOOf30bJmw8VM9v84SHyVyxDfbWxpGYbdZD/9XoKxfHVNmxPkhwyGw==

ajv@^6.1.0:
  version "6.10.0"
  resolved "https://registry.yarnpkg.com/ajv/-/ajv-6.10.0.tgz#90d0d54439da587cd7e843bfb7045f50bd22bdf1"
  integrity sha512-nffhOpkymDECQyR0mnsUtoCE8RlX38G0rYP+wgLWFyZuUyuuojSSvi/+euOiQBIn63whYwYVIIH1TvE3tu4OEg==
  dependencies:
    fast-deep-equal "^2.0.1"
    fast-json-stable-stringify "^2.0.0"
    json-schema-traverse "^0.4.1"
    uri-js "^4.2.2"

ansi-colors@^3.0.0:
  version "3.2.4"
  resolved "https://registry.yarnpkg.com/ansi-colors/-/ansi-colors-3.2.4.tgz#e3a3da4bfbae6c86a9c285625de124a234026fbf"
  integrity sha512-hHUXGagefjN2iRrID63xckIvotOXOojhQKWIPUZ4mNUZ9nLZW+7FMNoE1lOkEhNWYsx/7ysGIuJYCiMAA9FnrA==

ansi-styles@^3.2.1:
  version "3.2.1"
  resolved "https://registry.yarnpkg.com/ansi-styles/-/ansi-styles-3.2.1.tgz#41fbb20243e50b12be0f04b8dedbf07520ce841d"
  integrity sha512-VT0ZI6kZRdTh8YyJw3SMbYm/u+NqfsAxEpWO0Pf9sq8/e94WxxOpPKx9FR1FlyCtOVDNOQ+8ntlqFxiRc+r5qA==
  dependencies:
    color-convert "^1.9.0"

aproba@^1.1.1:
  version "1.2.0"
  resolved "https://registry.yarnpkg.com/aproba/-/aproba-1.2.0.tgz#6802e6264efd18c790a1b0d517f0f2627bf2c94a"
  integrity sha512-Y9J6ZjXtoYh8RnXVCMOU/ttDmk1aBjunq9vO0ta5x85WDQiQfUF9sIPBITdbiiIVcBo03Hi3jMxigBtsddlXRw==

array-union@^1.0.1:
  version "1.0.2"
  resolved "https://registry.yarnpkg.com/array-union/-/array-union-1.0.2.tgz#9a34410e4f4e3da23dea375be5be70f24778ec39"
  integrity sha1-mjRBDk9OPaI96jdb5b5w8kd47Dk=
  dependencies:
    array-uniq "^1.0.1"

array-uniq@^1.0.1:
  version "1.0.3"
  resolved "https://registry.yarnpkg.com/array-uniq/-/array-uniq-1.0.3.tgz#af6ac877a25cc7f74e058894753858dfdb24fdb6"
  integrity sha1-r2rId6Jcx/dOBYiUdThY39sk/bY=

auto-external-packages@^1.0.0:
  version "1.0.0"
  resolved "https://registry.yarnpkg.com/auto-external-packages/-/auto-external-packages-1.0.0.tgz#371af3f2079e038b315447bb54c4d13f7eb6eab8"
  integrity sha512-/max8tEmbGr9ovUMvkdqA6TWTjo2dAvxGoKDspuccIDjBaEgWWJR03PXVghXIsEmlDaK0orQTTYCmUrz9bNOuw==
  dependencies:
    lodash "^4.17.11"

balanced-match@^1.0.0:
  version "1.0.0"
  resolved "https://registry.yarnpkg.com/balanced-match/-/balanced-match-1.0.0.tgz#89b4d199ab2bee49de164ea02b89ce462d71b767"
  integrity sha1-ibTRmasr7kneFk6gK4nORi1xt2c=

big.js@^5.2.2:
  version "5.2.2"
  resolved "https://registry.yarnpkg.com/big.js/-/big.js-5.2.2.tgz#65f0af382f578bcdc742bd9c281e9cb2d7768328"
  integrity sha512-vyL2OymJxmarO8gxMr0mhChsO9QGwhynfuu4+MHTAW6czfq9humCB7rKpUjDd9YUiDPU4mzpyupFSvOClAwbmQ==

bluebird@^3.5.3:
  version "3.5.5"
  resolved "https://registry.yarnpkg.com/bluebird/-/bluebird-3.5.5.tgz#a8d0afd73251effbbd5fe384a77d73003c17a71f"
  integrity sha512-5am6HnnfN+urzt4yfg7IgTbotDjIT/u8AJpEt0sIU9FtXfVeezXAPKswrG+xKUCOYAINpSdgZVDU6QFh+cuH3w==

brace-expansion@^1.1.7:
  version "1.1.11"
  resolved "https://registry.yarnpkg.com/brace-expansion/-/brace-expansion-1.1.11.tgz#3c7fcbf529d87226f3d2f52b966ff5271eb441dd"
  integrity sha512-iCuPHDFgrHX7H2vEI/5xpz07zSHB00TpugqhmYtVmMO6518mCuRMoOYFldEBl0g187ufozdaHgWKcYFb61qGiA==
  dependencies:
    balanced-match "^1.0.0"
    concat-map "0.0.1"

buffer-from@^1.0.0:
  version "1.1.1"
  resolved "https://registry.yarnpkg.com/buffer-from/-/buffer-from-1.1.1.tgz#32713bc028f75c02fdb710d7c7bcec1f2c6070ef"
  integrity sha512-MQcXEUbCKtEo7bhqEs6560Hyd4XaovZlO/k9V3hjVUF/zwW7KBVdSK4gIt/bzwS9MbR5qob+F5jusZsb0YQK2A==

cacache@^11.3.2:
  version "11.3.2"
  resolved "https://registry.yarnpkg.com/cacache/-/cacache-11.3.2.tgz#2d81e308e3d258ca38125b676b98b2ac9ce69bfa"
  integrity sha512-E0zP4EPGDOaT2chM08Als91eYnf8Z+eH1awwwVsngUmgppfM5jjJ8l3z5vO5p5w/I3LsiXawb1sW0VY65pQABg==
  dependencies:
    bluebird "^3.5.3"
    chownr "^1.1.1"
    figgy-pudding "^3.5.1"
    glob "^7.1.3"
    graceful-fs "^4.1.15"
    lru-cache "^5.1.1"
    mississippi "^3.0.0"
    mkdirp "^0.5.1"
    move-concurrently "^1.0.1"
    promise-inflight "^1.0.1"
    rimraf "^2.6.2"
    ssri "^6.0.1"
    unique-filename "^1.1.1"
    y18n "^4.0.0"

cacheable-request@^6.0.0:
  version "6.1.0"
  resolved "https://registry.yarnpkg.com/cacheable-request/-/cacheable-request-6.1.0.tgz#20ffb8bd162ba4be11e9567d823db651052ca912"
  integrity sha512-Oj3cAGPCqOZX7Rz64Uny2GYAZNliQSqfbePrgAQ1wKAihYmCUnraBtJtKcGR4xz7wF+LoJC+ssFZvv5BgF9Igg==
  dependencies:
    clone-response "^1.0.2"
    get-stream "^5.1.0"
    http-cache-semantics "^4.0.0"
    keyv "^3.0.0"
    lowercase-keys "^2.0.0"
    normalize-url "^4.1.0"
    responselike "^1.0.2"

chalk@2.4.2:
  version "2.4.2"
  resolved "https://registry.yarnpkg.com/chalk/-/chalk-2.4.2.tgz#cd42541677a54333cf541a49108c1432b44c9424"
  integrity sha512-Mti+f9lpJNcwF4tWV8/OrTTtF1gZi+f8FqlyAdouralcFWFQWF2+NgCHShjkCb+IFBLq9buZwE1xckQU4peSuQ==
  dependencies:
    ansi-styles "^3.2.1"
    escape-string-regexp "^1.0.5"
    supports-color "^5.3.0"

chownr@^1.1.1:
  version "1.1.1"
  resolved "https://registry.yarnpkg.com/chownr/-/chownr-1.1.1.tgz#54726b8b8fff4df053c42187e801fb4412df1494"
  integrity sha512-j38EvO5+LHX84jlo6h4UzmOwi0UgW61WRyPtJz4qaadK5eY3BTS5TY/S1Stc3Uk2lIM6TPevAlULiEJwie860g==

clone-response@^1.0.2:
  version "1.0.2"
  resolved "https://registry.yarnpkg.com/clone-response/-/clone-response-1.0.2.tgz#d1dc973920314df67fbeb94223b4ee350239e96b"
  integrity sha1-0dyXOSAxTfZ/vrlCI7TuNQI56Ws=
  dependencies:
    mimic-response "^1.0.0"

color-convert@^1.9.0:
  version "1.9.3"
  resolved "https://registry.yarnpkg.com/color-convert/-/color-convert-1.9.3.tgz#bb71850690e1f136567de629d2d5471deda4c1e8"
  integrity sha512-QfAUtd+vFdAtFQcC8CCyYt1fYWxSqAiK2cSD6zDB8N3cpsEBAvRxp9zOGg6G/SHHJYAT88/az/IuDGALsNVbGg==
  dependencies:
    color-name "1.1.3"

color-name@1.1.3:
  version "1.1.3"
  resolved "https://registry.yarnpkg.com/color-name/-/color-name-1.1.3.tgz#a7d0558bd89c42f795dd42328f740831ca53bc25"
  integrity sha1-p9BVi9icQveV3UIyj3QIMcpTvCU=

commondir@^1.0.1:
  version "1.0.1"
  resolved "https://registry.yarnpkg.com/commondir/-/commondir-1.0.1.tgz#ddd800da0c66127393cca5950ea968a3aaf1253b"
  integrity sha1-3dgA2gxmEnOTzKWVDqloo6rxJTs=

concat-map@0.0.1:
  version "0.0.1"
  resolved "https://registry.yarnpkg.com/concat-map/-/concat-map-0.0.1.tgz#d8a96bd77fd68df7793a73036a3ba0d5405d477b"
  integrity sha1-2Klr13/Wjfd5OnMDajug1UBdR3s=

concat-stream@^1.5.0:
  version "1.6.2"
  resolved "https://registry.yarnpkg.com/concat-stream/-/concat-stream-1.6.2.tgz#904bdf194cd3122fc675c77fc4ac3d4ff0fd1a34"
  integrity sha512-27HBghJxjiZtIk3Ycvn/4kbJk/1uZuJFfuPEns6LaEvpvG1f0hTea8lilrouyo9mVc2GWdcEZ8OLoGmSADlrCw==
  dependencies:
    buffer-from "^1.0.0"
    inherits "^2.0.3"
    readable-stream "^2.2.2"
    typedarray "^0.0.6"

copy-concurrently@^1.0.0:
  version "1.0.5"
  resolved "https://registry.yarnpkg.com/copy-concurrently/-/copy-concurrently-1.0.5.tgz#92297398cae34937fcafd6ec8139c18051f0b5e0"
  integrity sha512-f2domd9fsVDFtaFcbaRZuYXwtdmnzqbADSwhSWYxYB/Q8zsdUUFMXVRwXGDMWmbEzAn1kdRrtI1T/KTFOL4X2A==
  dependencies:
    aproba "^1.1.1"
    fs-write-stream-atomic "^1.0.8"
    iferr "^0.1.5"
    mkdirp "^0.5.1"
    rimraf "^2.5.4"
    run-queue "^1.0.0"

copy-webpack-plugin@5.0.3:
  version "5.0.3"
  resolved "https://registry.yarnpkg.com/copy-webpack-plugin/-/copy-webpack-plugin-5.0.3.tgz#2179e3c8fd69f13afe74da338896f1f01a875b5c"
  integrity sha512-PlZRs9CUMnAVylZq+vg2Juew662jWtwOXOqH4lbQD9ZFhRG9R7tVStOgHt21CBGVq7k5yIJaz8TXDLSjV+Lj8Q==
  dependencies:
    cacache "^11.3.2"
    find-cache-dir "^2.1.0"
    glob-parent "^3.1.0"
    globby "^7.1.1"
    is-glob "^4.0.1"
    loader-utils "^1.2.3"
    minimatch "^3.0.4"
    normalize-path "^3.0.0"
    p-limit "^2.2.0"
    schema-utils "^1.0.0"
    serialize-javascript "^1.7.0"
    webpack-log "^2.0.0"

core-util-is@~1.0.0:
  version "1.0.2"
  resolved "https://registry.yarnpkg.com/core-util-is/-/core-util-is-1.0.2.tgz#b5fd54220aa2bc5ab57aab7140c940754503c1a7"
  integrity sha1-tf1UIgqivFq1eqtxQMlAdUUDwac=

cyclist@~0.2.2:
  version "0.2.2"
  resolved "https://registry.yarnpkg.com/cyclist/-/cyclist-0.2.2.tgz#1b33792e11e914a2fd6d6ed6447464444e5fa640"
  integrity sha1-GzN5LhHpFKL9bW7WRHRkRE5fpkA=

decompress-response@^3.3.0:
  version "3.3.0"
  resolved "https://registry.yarnpkg.com/decompress-response/-/decompress-response-3.3.0.tgz#80a4dd323748384bfa248083622aedec982adff3"
  integrity sha1-gKTdMjdIOEv6JICDYirt7Jgq3/M=
  dependencies:
    mimic-response "^1.0.0"

defer-to-connect@^1.0.1:
  version "1.0.2"
  resolved "https://registry.yarnpkg.com/defer-to-connect/-/defer-to-connect-1.0.2.tgz#4bae758a314b034ae33902b5aac25a8dd6a8633e"
  integrity sha512-k09hcQcTDY+cwgiwa6PYKLm3jlagNzQ+RSvhjzESOGOx+MNOuXkxTfEvPrO1IOQ81tArCFYQgi631clB70RpQw==

dir-glob@^2.0.0:
  version "2.2.2"
  resolved "https://registry.yarnpkg.com/dir-glob/-/dir-glob-2.2.2.tgz#fa09f0694153c8918b18ba0deafae94769fc50c4"
  integrity sha512-f9LBi5QWzIW3I6e//uxZoLBlUt9kcp66qo0sSCxL6YZKc75R1c4MFCoe/LaZiBGmgujvQdxc5Bn3QhfyvK5Hsw==
  dependencies:
    path-type "^3.0.0"

duplexer3@^0.1.4:
  version "0.1.4"
  resolved "https://registry.yarnpkg.com/duplexer3/-/duplexer3-0.1.4.tgz#ee01dd1cac0ed3cbc7fdbea37dc0a8f1ce002ce2"
  integrity sha1-7gHdHKwO08vH/b6jfcCo8c4ALOI=

duplexify@^3.4.2, duplexify@^3.6.0:
  version "3.7.1"
  resolved "https://registry.yarnpkg.com/duplexify/-/duplexify-3.7.1.tgz#2a4df5317f6ccfd91f86d6fd25d8d8a103b88309"
  integrity sha512-07z8uv2wMyS51kKhD1KsdXJg5WQ6t93RneqRxUHnskXVtlYYkLqM0gqStQZ3pj073g687jPCHrqNfCzawLYh5g==
  dependencies:
    end-of-stream "^1.0.0"
    inherits "^2.0.1"
    readable-stream "^2.0.0"
    stream-shift "^1.0.0"

emojis-list@^2.0.0:
  version "2.1.0"
  resolved "https://registry.yarnpkg.com/emojis-list/-/emojis-list-2.1.0.tgz#4daa4d9db00f9819880c79fa457ae5b09a1fd389"
  integrity sha1-TapNnbAPmBmIDHn6RXrlsJof04k=

end-of-stream@^1.0.0, end-of-stream@^1.1.0:
  version "1.4.1"
  resolved "https://registry.yarnpkg.com/end-of-stream/-/end-of-stream-1.4.1.tgz#ed29634d19baba463b6ce6b80a37213eab71ec43"
  integrity sha512-1MkrZNvWTKCaigbn+W15elq2BB/L22nqrSY5DKlo3X6+vclJm8Bb5djXJBmEX6fS3+zCh/F4VBK5Z2KxJt4s2Q==
  dependencies:
    once "^1.4.0"

escape-string-regexp@^1.0.5:
  version "1.0.5"
  resolved "https://registry.yarnpkg.com/escape-string-regexp/-/escape-string-regexp-1.0.5.tgz#1b61c0562190a8dff6ae3bb2cf0200ca130b86d4"
  integrity sha1-G2HAViGQqN/2rjuyzwIAyhMLhtQ=

fast-deep-equal@^2.0.1:
  version "2.0.1"
  resolved "https://registry.yarnpkg.com/fast-deep-equal/-/fast-deep-equal-2.0.1.tgz#7b05218ddf9667bf7f370bf7fdb2cb15fdd0aa49"
  integrity sha1-ewUhjd+WZ79/Nwv3/bLLFf3Qqkk=

fast-json-stable-stringify@^2.0.0:
  version "2.0.0"
  resolved "https://registry.yarnpkg.com/fast-json-stable-stringify/-/fast-json-stable-stringify-2.0.0.tgz#d5142c0caee6b1189f87d3a76111064f86c8bbf2"
  integrity sha1-1RQsDK7msRifh9OnYREGT4bIu/I=

figgy-pudding@^3.5.1:
  version "3.5.1"
  resolved "https://registry.yarnpkg.com/figgy-pudding/-/figgy-pudding-3.5.1.tgz#862470112901c727a0e495a80744bd5baa1d6790"
  integrity sha512-vNKxJHTEKNThjfrdJwHc7brvM6eVevuO5nTj6ez8ZQ1qbXTvGthucRF7S4vf2cr71QVnT70V34v0S1DyQsti0w==

find-cache-dir@^2.1.0:
  version "2.1.0"
  resolved "https://registry.yarnpkg.com/find-cache-dir/-/find-cache-dir-2.1.0.tgz#8d0f94cd13fe43c6c7c261a0d86115ca918c05f7"
  integrity sha512-Tq6PixE0w/VMFfCgbONnkiQIVol/JJL7nRMi20fqzA4NRs9AfeqMGeRdPi3wIhYkxjeBaWh2rxwapn5Tu3IqOQ==
  dependencies:
    commondir "^1.0.1"
    make-dir "^2.0.0"
    pkg-dir "^3.0.0"

find-up@^3.0.0:
  version "3.0.0"
  resolved "https://registry.yarnpkg.com/find-up/-/find-up-3.0.0.tgz#49169f1d7993430646da61ecc5ae355c21c97b73"
  integrity sha512-1yD6RmLI1XBfxugvORwlck6f75tYL+iR0jqwsOrOxMZyGYqUuDhJ0l4AXdO1iX/FTs9cBAMEk1gWSEx1kSbylg==
  dependencies:
    locate-path "^3.0.0"

flush-write-stream@^1.0.0:
  version "1.1.1"
  resolved "https://registry.yarnpkg.com/flush-write-stream/-/flush-write-stream-1.1.1.tgz#8dd7d873a1babc207d94ead0c2e0e44276ebf2e8"
  integrity sha512-3Z4XhFZ3992uIq0XOqb9AreonueSYphE6oYbpt5+3u06JWklbsPkNv3ZKkP9Bz/r+1MWCaMoSQ28P85+1Yc77w==
  dependencies:
    inherits "^2.0.3"
    readable-stream "^2.3.6"

from2@^2.1.0:
  version "2.3.0"
  resolved "https://registry.yarnpkg.com/from2/-/from2-2.3.0.tgz#8bfb5502bde4a4d36cfdeea007fcca21d7e382af"
  integrity sha1-i/tVAr3kpNNs/e6gB/zKIdfjgq8=
  dependencies:
    inherits "^2.0.1"
    readable-stream "^2.0.0"

fs-write-stream-atomic@^1.0.8:
  version "1.0.10"
  resolved "https://registry.yarnpkg.com/fs-write-stream-atomic/-/fs-write-stream-atomic-1.0.10.tgz#b47df53493ef911df75731e70a9ded0189db40c9"
  integrity sha1-tH31NJPvkR33VzHnCp3tAYnbQMk=
  dependencies:
    graceful-fs "^4.1.2"
    iferr "^0.1.5"
    imurmurhash "^0.1.4"
    readable-stream "1 || 2"

fs.realpath@^1.0.0:
  version "1.0.0"
  resolved "https://registry.yarnpkg.com/fs.realpath/-/fs.realpath-1.0.0.tgz#1504ad2523158caa40db4a2787cb01411994ea4f"
  integrity sha1-FQStJSMVjKpA20onh8sBQRmU6k8=

get-stream@^4.1.0:
  version "4.1.0"
  resolved "https://registry.yarnpkg.com/get-stream/-/get-stream-4.1.0.tgz#c1b255575f3dc21d59bfc79cd3d2b46b1c3a54b5"
  integrity sha512-GMat4EJ5161kIy2HevLlr4luNjBgvmj413KaQA7jt4V8B4RDsfpHk7WQ9GVqfYyyx8OS/L66Kox+rJRNklLK7w==
  dependencies:
    pump "^3.0.0"

get-stream@^5.1.0:
  version "5.1.0"
  resolved "https://registry.yarnpkg.com/get-stream/-/get-stream-5.1.0.tgz#01203cdc92597f9b909067c3e656cc1f4d3c4dc9"
  integrity sha512-EXr1FOzrzTfGeL0gQdeFEvOMm2mzMOglyiOXSTpPC+iAjAKftbr3jpCMWynogwYnM+eSj9sHGc6wjIcDvYiygw==
  dependencies:
    pump "^3.0.0"

glob-parent@^3.1.0:
  version "3.1.0"
  resolved "https://registry.yarnpkg.com/glob-parent/-/glob-parent-3.1.0.tgz#9e6af6299d8d3bd2bd40430832bd113df906c5ae"
  integrity sha1-nmr2KZ2NO9K9QEMIMr0RPfkGxa4=
  dependencies:
    is-glob "^3.1.0"
    path-dirname "^1.0.0"

glob@^7.1.2, glob@^7.1.3:
  version "7.1.4"
  resolved "https://registry.yarnpkg.com/glob/-/glob-7.1.4.tgz#aa608a2f6c577ad357e1ae5a5c26d9a8d1969255"
  integrity sha512-hkLPepehmnKk41pUGm3sYxoFs/umurYfYJCerbXEyFIWcAzvpipAgVkBqqT9RBKMGjnq6kMuyYwha6csxbiM1A==
  dependencies:
    fs.realpath "^1.0.0"
    inflight "^1.0.4"
    inherits "2"
    minimatch "^3.0.4"
    once "^1.3.0"
    path-is-absolute "^1.0.0"

globby@^7.1.1:
  version "7.1.1"
  resolved "https://registry.yarnpkg.com/globby/-/globby-7.1.1.tgz#fb2ccff9401f8600945dfada97440cca972b8680"
  integrity sha1-+yzP+UAfhgCUXfral0QMypcrhoA=
  dependencies:
    array-union "^1.0.1"
    dir-glob "^2.0.0"
    glob "^7.1.2"
    ignore "^3.3.5"
    pify "^3.0.0"
    slash "^1.0.0"

got@9.6.0:
  version "9.6.0"
  resolved "https://registry.yarnpkg.com/got/-/got-9.6.0.tgz#edf45e7d67f99545705de1f7bbeeeb121765ed85"
  integrity sha512-R7eWptXuGYxwijs0eV+v3o6+XH1IqVK8dJOEecQfTmkncw9AV4dcw/Dhxi8MdlqPthxxpZyizMzyg8RTmEsG+Q==
  dependencies:
    "@sindresorhus/is" "^0.14.0"
    "@szmarczak/http-timer" "^1.1.2"
    cacheable-request "^6.0.0"
    decompress-response "^3.3.0"
    duplexer3 "^0.1.4"
    get-stream "^4.1.0"
    lowercase-keys "^1.0.1"
    mimic-response "^1.0.1"
    p-cancelable "^1.0.0"
    to-readable-stream "^1.0.0"
    url-parse-lax "^3.0.0"

graceful-fs@^4.1.15, graceful-fs@^4.1.2:
  version "4.1.15"
  resolved "https://registry.yarnpkg.com/graceful-fs/-/graceful-fs-4.1.15.tgz#ffb703e1066e8a0eeaa4c8b80ba9253eeefbfb00"
  integrity sha512-6uHUhOPEBgQ24HM+r6b/QwWfZq+yiFcipKFrOFiBEnWdy5sdzYoi+pJeQaPI5qOLRFqWmAXUPQNsielzdLoecA==

has-flag@^3.0.0:
  version "3.0.0"
  resolved "https://registry.yarnpkg.com/has-flag/-/has-flag-3.0.0.tgz#b5d454dc2199ae225699f3467e5a07f3b955bafd"
  integrity sha1-tdRU3CGZriJWmfNGfloH87lVuv0=

http-cache-semantics@^4.0.0:
  version "4.0.3"
  resolved "https://registry.yarnpkg.com/http-cache-semantics/-/http-cache-semantics-4.0.3.tgz#495704773277eeef6e43f9ab2c2c7d259dda25c5"
  integrity sha512-TcIMG3qeVLgDr1TEd2XvHaTnMPwYQUQMIBLy+5pLSDKYFc7UIqj39w8EGzZkaxoLv/l2K8HaI0t5AVA+YYgUew==

iferr@^0.1.5:
  version "0.1.5"
  resolved "https://registry.yarnpkg.com/iferr/-/iferr-0.1.5.tgz#c60eed69e6d8fdb6b3104a1fcbca1c192dc5b501"
  integrity sha1-xg7taebY/bazEEofy8ocGS3FtQE=

ignore@^3.3.5:
  version "3.3.10"
  resolved "https://registry.yarnpkg.com/ignore/-/ignore-3.3.10.tgz#0a97fb876986e8081c631160f8f9f389157f0043"
  integrity sha512-Pgs951kaMm5GXP7MOvxERINe3gsaVjUWFm+UZPSq9xYriQAksyhg0csnS0KXSNRD5NmNdapXEpjxG49+AKh/ug==

imurmurhash@^0.1.4:
  version "0.1.4"
  resolved "https://registry.yarnpkg.com/imurmurhash/-/imurmurhash-0.1.4.tgz#9218b9b2b928a238b13dc4fb6b6d576f231453ea"
  integrity sha1-khi5srkoojixPcT7a21XbyMUU+o=

inflight@^1.0.4:
  version "1.0.6"
  resolved "https://registry.yarnpkg.com/inflight/-/inflight-1.0.6.tgz#49bd6331d7d02d0c09bc910a1075ba8165b56df9"
  integrity sha1-Sb1jMdfQLQwJvJEKEHW6gWW1bfk=
  dependencies:
    once "^1.3.0"
    wrappy "1"

inherits@2, inherits@^2.0.1, inherits@^2.0.3, inherits@~2.0.3:
  version "2.0.3"
  resolved "https://registry.yarnpkg.com/inherits/-/inherits-2.0.3.tgz#633c2c83e3da42a502f52466022480f4208261de"
  integrity sha1-Yzwsg+PaQqUC9SRmAiSA9CCCYd4=

is-extglob@^2.1.0, is-extglob@^2.1.1:
  version "2.1.1"
  resolved "https://registry.yarnpkg.com/is-extglob/-/is-extglob-2.1.1.tgz#a88c02535791f02ed37c76a1b9ea9773c833f8c2"
  integrity sha1-qIwCU1eR8C7TfHahueqXc8gz+MI=

is-glob@^3.1.0:
  version "3.1.0"
  resolved "https://registry.yarnpkg.com/is-glob/-/is-glob-3.1.0.tgz#7ba5ae24217804ac70707b96922567486cc3e84a"
  integrity sha1-e6WuJCF4BKxwcHuWkiVnSGzD6Eo=
  dependencies:
    is-extglob "^2.1.0"

is-glob@^4.0.1:
  version "4.0.1"
  resolved "https://registry.yarnpkg.com/is-glob/-/is-glob-4.0.1.tgz#7567dbe9f2f5e2467bc77ab83c4a29482407a5dc"
  integrity sha512-5G0tKtBTFImOqDnLB2hG6Bp2qcKEFduo4tZu9MT/H6NQv/ghhy30o55ufafxJ/LdH79LLs2Kfrn85TLKyA7BUg==
  dependencies:
    is-extglob "^2.1.1"

isarray@~1.0.0:
  version "1.0.0"
  resolved "https://registry.yarnpkg.com/isarray/-/isarray-1.0.0.tgz#bb935d48582cba168c06834957a54a3e07124f11"
  integrity sha1-u5NdSFgsuhaMBoNJV6VKPgcSTxE=

json-buffer@3.0.0:
  version "3.0.0"
  resolved "https://registry.yarnpkg.com/json-buffer/-/json-buffer-3.0.0.tgz#5b1f397afc75d677bde8bcfc0e47e1f9a3d9a898"
  integrity sha1-Wx85evx11ne96Lz8Dkfh+aPZqJg=

json-schema-traverse@^0.4.1:
  version "0.4.1"
  resolved "https://registry.yarnpkg.com/json-schema-traverse/-/json-schema-traverse-0.4.1.tgz#69f6a87d9513ab8bb8fe63bdb0979c448e684660"
  integrity sha512-xbbCH5dCYU5T8LcEhhuh7HJ88HXuW3qsI3Y0zOZFKfZEHcpWiHU/Jxzk629Brsab/mMiHQti9wMP+845RPe3Vg==

json5@^1.0.1:
  version "1.0.1"
  resolved "https://registry.yarnpkg.com/json5/-/json5-1.0.1.tgz#779fb0018604fa854eacbf6252180d83543e3dbe"
  integrity sha512-aKS4WQjPenRxiQsC93MNfjx+nbF4PAdYzmd/1JIj8HYzqfbu86beTuNgXDzPknWk0n0uARlyewZo4s++ES36Ow==
  dependencies:
    minimist "^1.2.0"

keyv@^3.0.0:
  version "3.1.0"
  resolved "https://registry.yarnpkg.com/keyv/-/keyv-3.1.0.tgz#ecc228486f69991e49e9476485a5be1e8fc5c4d9"
  integrity sha512-9ykJ/46SN/9KPM/sichzQ7OvXyGDYKGTaDlKMGCAlg2UK8KRy4jb0d8sFc+0Tt0YYnThq8X2RZgCg74RPxgcVA==
  dependencies:
    json-buffer "3.0.0"

loader-utils@^1.2.3:
  version "1.2.3"
  resolved "https://registry.yarnpkg.com/loader-utils/-/loader-utils-1.2.3.tgz#1ff5dc6911c9f0a062531a4c04b609406108c2c7"
  integrity sha512-fkpz8ejdnEMG3s37wGL07iSBDg99O9D5yflE9RGNH3hRdx9SOwYfnGYdZOUIZitN8E+E2vkq3MUMYMvPYl5ZZA==
  dependencies:
    big.js "^5.2.2"
    emojis-list "^2.0.0"
    json5 "^1.0.1"

locate-path@^3.0.0:
  version "3.0.0"
  resolved "https://registry.yarnpkg.com/locate-path/-/locate-path-3.0.0.tgz#dbec3b3ab759758071b58fe59fc41871af21400e"
  integrity sha512-7AO748wWnIhNqAuaty2ZWHkQHRSNfPVIsPIfwEOWO22AmaoVrWavlOcMR5nzTLNYvp36X220/maaRsrec1G65A==
  dependencies:
    p-locate "^3.0.0"
    path-exists "^3.0.0"

lodash@^4.17.11:
  version "4.17.11"
  resolved "https://registry.yarnpkg.com/lodash/-/lodash-4.17.11.tgz#b39ea6229ef607ecd89e2c8df12536891cac9b8d"
  integrity sha512-cQKh8igo5QUhZ7lg38DYWAxMvjSAKG0A8wGSVimP07SIUEK2UO+arSRKbRZWtelMtN5V0Hkwh5ryOto/SshYIg==

lowercase-keys@^1.0.0, lowercase-keys@^1.0.1:
  version "1.0.1"
  resolved "https://registry.yarnpkg.com/lowercase-keys/-/lowercase-keys-1.0.1.tgz#6f9e30b47084d971a7c820ff15a6c5167b74c26f"
  integrity sha512-G2Lj61tXDnVFFOi8VZds+SoQjtQC3dgokKdDG2mTm1tx4m50NUHBOZSBwQQHyy0V12A0JTG4icfZQH+xPyh8VA==

lowercase-keys@^2.0.0:
  version "2.0.0"
  resolved "https://registry.yarnpkg.com/lowercase-keys/-/lowercase-keys-2.0.0.tgz#2603e78b7b4b0006cbca2fbcc8a3202558ac9479"
  integrity sha512-tqNXrS78oMOE73NMxK4EMLQsQowWf8jKooH9g7xPavRT706R6bkQJ6DY2Te7QukaZsulxa30wQ7bk0pm4XiHmA==

lru-cache@^5.1.1:
  version "5.1.1"
  resolved "https://registry.yarnpkg.com/lru-cache/-/lru-cache-5.1.1.tgz#1da27e6710271947695daf6848e847f01d84b920"
  integrity sha512-KpNARQA3Iwv+jTA0utUVVbrh+Jlrr1Fv0e56GGzAFOXN7dk/FviaDW8LHmK52DlcH4WP2n6gI8vN1aesBFgo9w==
  dependencies:
    yallist "^3.0.2"

make-dir@^2.0.0:
  version "2.1.0"
  resolved "https://registry.yarnpkg.com/make-dir/-/make-dir-2.1.0.tgz#5f0310e18b8be898cc07009295a30ae41e91e6f5"
  integrity sha512-LS9X+dc8KLxXCb8dni79fLIIUA5VyZoyjSMCwTluaXA0o27cCK0bhXkpgw+sTXVpPy/lSO57ilRixqk0vDmtRA==
  dependencies:
    pify "^4.0.1"
    semver "^5.6.0"

mimic-response@^1.0.0, mimic-response@^1.0.1:
  version "1.0.1"
  resolved "https://registry.yarnpkg.com/mimic-response/-/mimic-response-1.0.1.tgz#4923538878eef42063cb8a3e3b0798781487ab1b"
  integrity sha512-j5EctnkH7amfV/q5Hgmoal1g2QHFJRraOtmx0JpIqkxhBhI/lJSl1nMpQ45hVarwNETOoWEimndZ4QK0RHxuxQ==

minimatch@^3.0.4:
  version "3.0.4"
  resolved "https://registry.yarnpkg.com/minimatch/-/minimatch-3.0.4.tgz#5166e286457f03306064be5497e8dbb0c3d32083"
  integrity sha512-yJHVQEhyqPLUTgt9B83PXu6W3rx4MvvHvSUvToogpwoGDOUQ+yDrR0HRot+yOCdCO7u4hX3pWft6kWBBcqh0UA==
  dependencies:
    brace-expansion "^1.1.7"

minimist@0.0.8:
  version "0.0.8"
  resolved "https://registry.yarnpkg.com/minimist/-/minimist-0.0.8.tgz#857fcabfc3397d2625b8228262e86aa7a011b05d"
  integrity sha1-hX/Kv8M5fSYluCKCYuhqp6ARsF0=

minimist@^1.2.0:
  version "1.2.0"
  resolved "https://registry.yarnpkg.com/minimist/-/minimist-1.2.0.tgz#a35008b20f41383eec1fb914f4cd5df79a264284"
  integrity sha1-o1AIsg9BOD7sH7kU9M1d95omQoQ=

mississippi@^3.0.0:
  version "3.0.0"
  resolved "https://registry.yarnpkg.com/mississippi/-/mississippi-3.0.0.tgz#ea0a3291f97e0b5e8776b363d5f0a12d94c67022"
  integrity sha512-x471SsVjUtBRtcvd4BzKE9kFC+/2TeWgKCgw0bZcw1b9l2X3QX5vCWgF+KaZaYm87Ss//rHnWryupDrgLvmSkA==
  dependencies:
    concat-stream "^1.5.0"
    duplexify "^3.4.2"
    end-of-stream "^1.1.0"
    flush-write-stream "^1.0.0"
    from2 "^2.1.0"
    parallel-transform "^1.1.0"
    pump "^3.0.0"
    pumpify "^1.3.3"
    stream-each "^1.1.0"
    through2 "^2.0.0"

mkdirp@^0.5.1:
  version "0.5.1"
  resolved "https://registry.yarnpkg.com/mkdirp/-/mkdirp-0.5.1.tgz#30057438eac6cf7f8c4767f38648d6697d75c903"
  integrity sha1-MAV0OOrGz3+MR2fzhkjWaX11yQM=
  dependencies:
    minimist "0.0.8"

move-concurrently@^1.0.1:
  version "1.0.1"
  resolved "https://registry.yarnpkg.com/move-concurrently/-/move-concurrently-1.0.1.tgz#be2c005fda32e0b29af1f05d7c4b33214c701f92"
  integrity sha1-viwAX9oy4LKa8fBdfEszIUxwH5I=
  dependencies:
    aproba "^1.1.1"
    copy-concurrently "^1.0.0"
    fs-write-stream-atomic "^1.0.8"
    mkdirp "^0.5.1"
    rimraf "^2.5.4"
    run-queue "^1.0.3"

normalize-path@^3.0.0:
  version "3.0.0"
  resolved "https://registry.yarnpkg.com/normalize-path/-/normalize-path-3.0.0.tgz#0dcd69ff23a1c9b11fd0978316644a0388216a65"
  integrity sha512-6eZs5Ls3WtCisHWp9S2GUy8dqkpGi4BVSz3GaqiE6ezub0512ESztXUwUB6C6IKbQkY2Pnb/mD4WYojCRwcwLA==

normalize-url@^4.1.0:
  version "4.3.0"
  resolved "https://registry.yarnpkg.com/normalize-url/-/normalize-url-4.3.0.tgz#9c49e10fc1876aeb76dba88bf1b2b5d9fa57b2ee"
  integrity sha512-0NLtR71o4k6GLP+mr6Ty34c5GA6CMoEsncKJxvQd8NzPxaHRJNnb5gZE8R1XF4CPIS7QPHLJ74IFszwtNVAHVQ==

once@^1.3.0, once@^1.3.1, once@^1.4.0:
  version "1.4.0"
  resolved "https://registry.yarnpkg.com/once/-/once-1.4.0.tgz#583b1aa775961d4b113ac17d9c50baef9dd76bd1"
  integrity sha1-WDsap3WWHUsROsF9nFC6753Xa9E=
  dependencies:
    wrappy "1"

p-cancelable@^1.0.0:
  version "1.1.0"
  resolved "https://registry.yarnpkg.com/p-cancelable/-/p-cancelable-1.1.0.tgz#d078d15a3af409220c886f1d9a0ca2e441ab26cc"
  integrity sha512-s73XxOZ4zpt1edZYZzvhqFa6uvQc1vwUa0K0BdtIZgQMAJj9IbebH+JkgKZc9h+B05PKHLOTl4ajG1BmNrVZlw==

p-limit@^2.0.0, p-limit@^2.2.0:
  version "2.2.0"
  resolved "https://registry.yarnpkg.com/p-limit/-/p-limit-2.2.0.tgz#417c9941e6027a9abcba5092dd2904e255b5fbc2"
  integrity sha512-pZbTJpoUsCzV48Mc9Nh51VbwO0X9cuPFE8gYwx9BTCt9SF8/b7Zljd2fVgOxhIF/HDTKgpVzs+GPhyKfjLLFRQ==
  dependencies:
    p-try "^2.0.0"

p-locate@^3.0.0:
  version "3.0.0"
  resolved "https://registry.yarnpkg.com/p-locate/-/p-locate-3.0.0.tgz#322d69a05c0264b25997d9f40cd8a891ab0064a4"
  integrity sha512-x+12w/To+4GFfgJhBEpiDcLozRJGegY+Ei7/z0tSLkMmxGZNybVMSfWj9aJn8Z5Fc7dBUNJOOVgPv2H7IwulSQ==
  dependencies:
    p-limit "^2.0.0"

p-try@^2.0.0:
  version "2.2.0"
  resolved "https://registry.yarnpkg.com/p-try/-/p-try-2.2.0.tgz#cb2868540e313d61de58fafbe35ce9004d5540e6"
  integrity sha512-R4nPAVTAU0B9D35/Gk3uJf/7XYbQcyohSKdvAxIRSNghFl4e71hVoGnBNQz9cWaXxO2I10KTC+3jMdvvoKw6dQ==

parallel-transform@^1.1.0:
  version "1.1.0"
  resolved "https://registry.yarnpkg.com/parallel-transform/-/parallel-transform-1.1.0.tgz#d410f065b05da23081fcd10f28854c29bda33b06"
  integrity sha1-1BDwZbBdojCB/NEPKIVMKb2jOwY=
  dependencies:
    cyclist "~0.2.2"
    inherits "^2.0.3"
    readable-stream "^2.1.5"

path-dirname@^1.0.0:
  version "1.0.2"
  resolved "https://registry.yarnpkg.com/path-dirname/-/path-dirname-1.0.2.tgz#cc33d24d525e099a5388c0336c6e32b9160609e0"
  integrity sha1-zDPSTVJeCZpTiMAzbG4yuRYGCeA=

path-exists@^3.0.0:
  version "3.0.0"
  resolved "https://registry.yarnpkg.com/path-exists/-/path-exists-3.0.0.tgz#ce0ebeaa5f78cb18925ea7d810d7b59b010fd515"
  integrity sha1-zg6+ql94yxiSXqfYENe1mwEP1RU=

path-is-absolute@^1.0.0:
  version "1.0.1"
  resolved "https://registry.yarnpkg.com/path-is-absolute/-/path-is-absolute-1.0.1.tgz#174b9268735534ffbc7ace6bf53a5a9e1b5c5f5f"
  integrity sha1-F0uSaHNVNP+8es5r9TpanhtcX18=

path-type@^3.0.0:
  version "3.0.0"
  resolved "https://registry.yarnpkg.com/path-type/-/path-type-3.0.0.tgz#cef31dc8e0a1a3bb0d105c0cd97cf3bf47f4e36f"
  integrity sha512-T2ZUsdZFHgA3u4e5PfPbjd7HDDpxPnQb5jN0SrDsjNSuVXHJqtwTnWqG0B1jZrgmJ/7lj1EmVIByWt1gxGkWvg==
  dependencies:
    pify "^3.0.0"

pify@^3.0.0:
  version "3.0.0"
  resolved "https://registry.yarnpkg.com/pify/-/pify-3.0.0.tgz#e5a4acd2c101fdf3d9a4d07f0dbc4db49dd28176"
  integrity sha1-5aSs0sEB/fPZpNB/DbxNtJ3SgXY=

pify@^4.0.1:
  version "4.0.1"
  resolved "https://registry.yarnpkg.com/pify/-/pify-4.0.1.tgz#4b2cd25c50d598735c50292224fd8c6df41e3231"
  integrity sha512-uB80kBFb/tfd68bVleG9T5GGsGPjJrLAUpR5PZIrhBnIaRTQRjqdJSsIKkOP6OAIFbj7GOrcudc5pNjZ+geV2g==

pkg-dir@^3.0.0:
  version "3.0.0"
  resolved "https://registry.yarnpkg.com/pkg-dir/-/pkg-dir-3.0.0.tgz#2749020f239ed990881b1f71210d51eb6523bea3"
  integrity sha512-/E57AYkoeQ25qkxMj5PBOVgF8Kiu/h7cYS30Z5+R7WaiCCBfLq58ZI/dSeaEKb9WVJV5n/03QwrN3IeWIFllvw==
  dependencies:
    find-up "^3.0.0"

prepend-http@^2.0.0:
  version "2.0.0"
  resolved "https://registry.yarnpkg.com/prepend-http/-/prepend-http-2.0.0.tgz#e92434bfa5ea8c19f41cdfd401d741a3c819d897"
  integrity sha1-6SQ0v6XqjBn0HN/UAddBo8gZ2Jc=

process-nextick-args@~2.0.0:
  version "2.0.0"
  resolved "https://registry.yarnpkg.com/process-nextick-args/-/process-nextick-args-2.0.0.tgz#a37d732f4271b4ab1ad070d35508e8290788ffaa"
  integrity sha512-MtEC1TqN0EU5nephaJ4rAtThHtC86dNN9qCuEhtshvpVBkAW5ZO7BASN9REnF9eoXGcRub+pFuKEpOHE+HbEMw==

promise-inflight@^1.0.1:
  version "1.0.1"
  resolved "https://registry.yarnpkg.com/promise-inflight/-/promise-inflight-1.0.1.tgz#98472870bf228132fcbdd868129bad12c3c029e3"
  integrity sha1-mEcocL8igTL8vdhoEputEsPAKeM=

pump@^2.0.0:
  version "2.0.1"
  resolved "https://registry.yarnpkg.com/pump/-/pump-2.0.1.tgz#12399add6e4cf7526d973cbc8b5ce2e2908b3909"
  integrity sha512-ruPMNRkN3MHP1cWJc9OWr+T/xDP0jhXYCLfJcBuX54hhfIBnaQmAUMfDcG4DM5UMWByBbJY69QSphm3jtDKIkA==
  dependencies:
    end-of-stream "^1.1.0"
    once "^1.3.1"

pump@^3.0.0:
  version "3.0.0"
  resolved "https://registry.yarnpkg.com/pump/-/pump-3.0.0.tgz#b4a2116815bde2f4e1ea602354e8c75565107a64"
  integrity sha512-LwZy+p3SFs1Pytd/jYct4wpv49HiYCqd9Rlc5ZVdk0V+8Yzv6jR5Blk3TRmPL1ft69TxP0IMZGJ+WPFU2BFhww==
  dependencies:
    end-of-stream "^1.1.0"
    once "^1.3.1"

pumpify@^1.3.3:
  version "1.5.1"
  resolved "https://registry.yarnpkg.com/pumpify/-/pumpify-1.5.1.tgz#36513be246ab27570b1a374a5ce278bfd74370ce"
  integrity sha512-oClZI37HvuUJJxSKKrC17bZ9Cu0ZYhEAGPsPUy9KlMUmv9dKX2o77RUmq7f3XjIxbwyGwYzbzQ1L2Ks8sIradQ==
  dependencies:
    duplexify "^3.6.0"
    inherits "^2.0.3"
    pump "^2.0.0"

punycode@^2.1.0:
  version "2.1.1"
  resolved "https://registry.yarnpkg.com/punycode/-/punycode-2.1.1.tgz#b58b010ac40c22c5657616c8d2c2c02c7bf479ec"
  integrity sha512-XRsRjdf+j5ml+y/6GKHPZbrF/8p2Yga0JPtdqTIY2Xe5ohJPD9saDJJLPvp9+NSBprVvevdXZybnj2cv8OEd0A==

"readable-stream@1 || 2", readable-stream@^2.0.0, readable-stream@^2.1.5, readable-stream@^2.2.2, readable-stream@^2.3.6, readable-stream@~2.3.6:
  version "2.3.6"
  resolved "https://registry.yarnpkg.com/readable-stream/-/readable-stream-2.3.6.tgz#b11c27d88b8ff1fbe070643cf94b0c79ae1b0aaf"
  integrity sha512-tQtKA9WIAhBF3+VLAseyMqZeBjW0AHJoxOtYqSUZNJxauErmLbVm2FW1y+J/YA9dUrAC39ITejlZWhVIwawkKw==
  dependencies:
    core-util-is "~1.0.0"
    inherits "~2.0.3"
    isarray "~1.0.0"
    process-nextick-args "~2.0.0"
    safe-buffer "~5.1.1"
    string_decoder "~1.1.1"
    util-deprecate "~1.0.1"

responselike@^1.0.2:
  version "1.0.2"
  resolved "https://registry.yarnpkg.com/responselike/-/responselike-1.0.2.tgz#918720ef3b631c5642be068f15ade5a46f4ba1e7"
  integrity sha1-kYcg7ztjHFZCvgaPFa3lpG9Loec=
  dependencies:
    lowercase-keys "^1.0.0"

rimraf@^2.5.4, rimraf@^2.6.2:
  version "2.6.3"
  resolved "https://registry.yarnpkg.com/rimraf/-/rimraf-2.6.3.tgz#b2d104fe0d8fb27cf9e0a1cda8262dd3833c6cab"
  integrity sha512-mwqeW5XsA2qAejG46gYdENaxXjx9onRNCfn7L0duuP4hCuTIi/QO7PDK07KJfp1d+izWPrzEJDcSqBa0OZQriA==
  dependencies:
    glob "^7.1.3"

run-queue@^1.0.0, run-queue@^1.0.3:
  version "1.0.3"
  resolved "https://registry.yarnpkg.com/run-queue/-/run-queue-1.0.3.tgz#e848396f057d223f24386924618e25694161ec47"
  integrity sha1-6Eg5bwV9Ij8kOGkkYY4laUFh7Ec=
  dependencies:
    aproba "^1.1.1"

safe-buffer@~5.1.0, safe-buffer@~5.1.1:
  version "5.1.2"
  resolved "https://registry.yarnpkg.com/safe-buffer/-/safe-buffer-5.1.2.tgz#991ec69d296e0313747d59bdfd2b745c35f8828d"
  integrity sha512-Gd2UZBJDkXlY7GbJxfsE8/nvKkUEU1G38c1siN6QP6a9PT9MmHB8GnpscSmMJSoF8LOIrt8ud/wPtojys4G6+g==

schema-utils@^1.0.0:
  version "1.0.0"
  resolved "https://registry.yarnpkg.com/schema-utils/-/schema-utils-1.0.0.tgz#0b79a93204d7b600d4b2850d1f66c2a34951c770"
  integrity sha512-i27Mic4KovM/lnGsy8whRCHhc7VicJajAjTrYg11K9zfZXnYIt4k5F+kZkwjnrhKzLic/HLU4j11mjsz2G/75g==
  dependencies:
    ajv "^6.1.0"
    ajv-errors "^1.0.0"
    ajv-keywords "^3.1.0"

semver@6.1.1:
  version "6.1.1"
  resolved "https://registry.yarnpkg.com/semver/-/semver-6.1.1.tgz#53f53da9b30b2103cd4f15eab3a18ecbcb210c9b"
  integrity sha512-rWYq2e5iYW+fFe/oPPtYJxYgjBm8sC4rmoGdUOgBB7VnwKt6HrL793l2voH1UlsyYZpJ4g0wfjnTEO1s1NP2eQ==

semver@^5.6.0:
  version "5.7.0"
  resolved "https://registry.yarnpkg.com/semver/-/semver-5.7.0.tgz#790a7cf6fea5459bac96110b29b60412dc8ff96b"
  integrity sha512-Ya52jSX2u7QKghxeoFGpLwCtGlt7j0oY9DYb5apt9nPlJ42ID+ulTXESnt/qAQcoSERyZ5sl3LDIOw0nAn/5DA==

serialize-javascript@^1.7.0:
  version "1.7.0"
  resolved "https://registry.yarnpkg.com/serialize-javascript/-/serialize-javascript-1.7.0.tgz#d6e0dfb2a3832a8c94468e6eb1db97e55a192a65"
  integrity sha512-ke8UG8ulpFOxO8f8gRYabHQe/ZntKlcig2Mp+8+URDP1D8vJZ0KUt7LYo07q25Z/+JVSgpr/cui9PIp5H6/+nA==

slash@^1.0.0:
  version "1.0.0"
  resolved "https://registry.yarnpkg.com/slash/-/slash-1.0.0.tgz#c41f2f6c39fc16d1cd17ad4b5d896114ae470d55"
  integrity sha1-xB8vbDn8FtHNF61LXYlhFK5HDVU=

ssri@^6.0.1:
  version "6.0.1"
  resolved "https://registry.yarnpkg.com/ssri/-/ssri-6.0.1.tgz#2a3c41b28dd45b62b63676ecb74001265ae9edd8"
  integrity sha512-3Wge10hNcT1Kur4PDFwEieXSCMCJs/7WvSACcrMYrNp+b8kDL1/0wJch5Ni2WrtwEa2IO8OsVfeKIciKCDx/QA==
  dependencies:
    figgy-pudding "^3.5.1"

stream-each@^1.1.0:
  version "1.2.3"
  resolved "https://registry.yarnpkg.com/stream-each/-/stream-each-1.2.3.tgz#ebe27a0c389b04fbcc233642952e10731afa9bae"
  integrity sha512-vlMC2f8I2u/bZGqkdfLQW/13Zihpej/7PmSiMQsbYddxuTsJp8vRe2x2FvVExZg7FaOds43ROAuFJwPR4MTZLw==
  dependencies:
    end-of-stream "^1.1.0"
    stream-shift "^1.0.0"

stream-shift@^1.0.0:
  version "1.0.0"
  resolved "https://registry.yarnpkg.com/stream-shift/-/stream-shift-1.0.0.tgz#d5c752825e5367e786f78e18e445ea223a155952"
  integrity sha1-1cdSgl5TZ+eG944Y5EXqIjoVWVI=

string_decoder@~1.1.1:
  version "1.1.1"
  resolved "https://registry.yarnpkg.com/string_decoder/-/string_decoder-1.1.1.tgz#9cf1611ba62685d7030ae9e4ba34149c3af03fc8"
  integrity sha512-n/ShnvDi6FHbbVfviro+WojiFzv+s8MPMHBczVePfUpDJLwoLT0ht1l4YwBCbi8pJAveEEdnkHyPyTP/mzRfwg==
  dependencies:
    safe-buffer "~5.1.0"

supports-color@^5.3.0:
  version "5.5.0"
  resolved "https://registry.yarnpkg.com/supports-color/-/supports-color-5.5.0.tgz#e2e69a44ac8772f78a1ec0b35b689df6530efc8f"
  integrity sha512-QjVjwdXIt408MIiAqCX4oUKsgU2EqAGzs2Ppkm4aQYbjm+ZEWEcW4SfFNTr4uMNZma0ey4f5lgLrkB0aX0QMow==
  dependencies:
    has-flag "^3.0.0"

through2@^2.0.0:
  version "2.0.5"
  resolved "https://registry.yarnpkg.com/through2/-/through2-2.0.5.tgz#01c1e39eb31d07cb7d03a96a70823260b23132cd"
  integrity sha512-/mrRod8xqpA+IHSLyGCQ2s8SPHiCDEeQJSep1jqLYeEUClOFG2Qsh+4FU6G9VeqpZnGW/Su8LQGc4YKni5rYSQ==
  dependencies:
    readable-stream "~2.3.6"
    xtend "~4.0.1"

to-readable-stream@^1.0.0:
  version "1.0.0"
  resolved "https://registry.yarnpkg.com/to-readable-stream/-/to-readable-stream-1.0.0.tgz#ce0aa0c2f3df6adf852efb404a783e77c0475771"
  integrity sha512-Iq25XBt6zD5npPhlLVXGFN3/gyR2/qODcKNNyTMd4vbm39HUaOiAM4PMq0eMVC/Tkxz+Zjdsc55g9yyz+Yq00Q==

typedarray@^0.0.6:
  version "0.0.6"
  resolved "https://registry.yarnpkg.com/typedarray/-/typedarray-0.0.6.tgz#867ac74e3864187b1d3d47d996a78ec5c8830777"
  integrity sha1-hnrHTjhkGHsdPUfZlqeOxciDB3c=

unique-filename@^1.1.1:
  version "1.1.1"
  resolved "https://registry.yarnpkg.com/unique-filename/-/unique-filename-1.1.1.tgz#1d69769369ada0583103a1e6ae87681b56573230"
  integrity sha512-Vmp0jIp2ln35UTXuryvjzkjGdRyf9b2lTXuSYUiPmzRcl3FDtYqAwOnTJkAngD9SWhnoJzDbTKwaOrZ+STtxNQ==
  dependencies:
    unique-slug "^2.0.0"

unique-slug@^2.0.0:
  version "2.0.2"
  resolved "https://registry.yarnpkg.com/unique-slug/-/unique-slug-2.0.2.tgz#baabce91083fc64e945b0f3ad613e264f7cd4e6c"
  integrity sha512-zoWr9ObaxALD3DOPfjPSqxt4fnZiWblxHIgeWqW8x7UqDzEtHEQLzji2cuJYQFCU6KmoJikOYAZlrTHHebjx2w==
  dependencies:
    imurmurhash "^0.1.4"

uri-js@^4.2.2:
  version "4.2.2"
  resolved "https://registry.yarnpkg.com/uri-js/-/uri-js-4.2.2.tgz#94c540e1ff772956e2299507c010aea6c8838eb0"
  integrity sha512-KY9Frmirql91X2Qgjry0Wd4Y+YTdrdZheS8TFwvkbLWf/G5KNJDCh6pKL5OZctEW4+0Baa5idK2ZQuELRwPznQ==
  dependencies:
    punycode "^2.1.0"

url-parse-lax@^3.0.0:
  version "3.0.0"
  resolved "https://registry.yarnpkg.com/url-parse-lax/-/url-parse-lax-3.0.0.tgz#16b5cafc07dbe3676c1b1999177823d6503acb0c"
  integrity sha1-FrXK/Afb42dsGxmZF3gj1lA6yww=
  dependencies:
    prepend-http "^2.0.0"

util-deprecate@~1.0.1:
  version "1.0.2"
  resolved "https://registry.yarnpkg.com/util-deprecate/-/util-deprecate-1.0.2.tgz#450d4dc9fa70de732762fbd2d4a28981419a0ccf"
  integrity sha1-RQ1Nyfpw3nMnYvvS1KKJgUGaDM8=

uuid@^3.3.2:
  version "3.3.2"
  resolved "https://registry.yarnpkg.com/uuid/-/uuid-3.3.2.tgz#1b4af4955eb3077c501c23872fc6513811587131"
  integrity sha512-yXJmeNaw3DnnKAOKJE51sL/ZaYfWJRl1pK9dr19YFCu0ObS231AB1/LbqTKRAQ5kw8A90rA6fr4riOUpTZvQZA==

webpack-log@^2.0.0:
  version "2.0.0"
  resolved "https://registry.yarnpkg.com/webpack-log/-/webpack-log-2.0.0.tgz#5b7928e0637593f119d32f6227c1e0ac31e1b47f"
  integrity sha512-cX8G2vR/85UYG59FgkoMamwHUIkSSlV3bBMRsbxVXVUk2j6NleCKjQ/WE9eYg9WY4w25O9w8wKP4rzNZFmUcUg==
  dependencies:
    ansi-colors "^3.0.0"
    uuid "^3.3.2"

wrappy@1:
  version "1.0.2"
  resolved "https://registry.yarnpkg.com/wrappy/-/wrappy-1.0.2.tgz#b5243d8f3ec1aa35f1364605bc0d1036e30ab69f"
  integrity sha1-tSQ9jz7BqjXxNkYFvA0QNuMKtp8=

xtend@~4.0.1:
  version "4.0.1"
  resolved "https://registry.yarnpkg.com/xtend/-/xtend-4.0.1.tgz#a5c6d532be656e23db820efb943a1f04998d63af"
  integrity sha1-pcbVMr5lbiPbgg77lDofBJmNY68=

y18n@^4.0.0:
  version "4.0.0"
  resolved "https://registry.yarnpkg.com/y18n/-/y18n-4.0.0.tgz#95ef94f85ecc81d007c264e190a120f0a3c8566b"
  integrity sha512-r9S/ZyXu/Xu9q1tYlpsLIsa3EeLXXk0VwlxqTcFRfg9EhMW+17kbt9G0NrgCmhGb5vT2hyhJZLfDGx+7+5Uj/w==

yallist@^3.0.2:
  version "3.0.3"
  resolved "https://registry.yarnpkg.com/yallist/-/yallist-3.0.3.tgz#b4b049e314be545e3ce802236d6cd22cd91c3de9"
  integrity sha512-S+Zk8DEWE6oKpV+vI3qWkaK+jSbIK86pCwe2IF/xwIpQ8jEuxpw9NyaGjmp9+BoJv5FV2piqCDcoCtStppiq2A==
