# THIS IS AN AUTOGENERATED FILE. DO NOT EDIT THIS FILE DIRECTLY.
# yarn lockfile v1


confusing-browser-globals@^1.0.5:
  version "1.0.5"
  resolved "https://registry.yarnpkg.com/confusing-browser-globals/-/confusing-browser-globals-1.0.5.tgz#0171050cfdd4261e278978078bc00c4d88e135f4"
  integrity sha512-tHo1tQL/9Ox5RELbkCAJhnViqWlzBz3MG1bB2czbHjH2mWd4aYUgNCNLfysFL7c4LoDws7pjg2tj48Gmpw4QHA==

eslint-config-react-app@3.0.5:
  version "3.0.5"
  resolved "https://registry.yarnpkg.com/eslint-config-react-app/-/eslint-config-react-app-3.0.5.tgz#d199088ab486d7ccc56d40dedcb1482b01934fb2"
  integrity sha512-GjPuy0pbaCkl4+9wm8p0xpl/x/AGFy3wKuju3WNVefDNDDu8T6Ap1OFMDDJbYnOAI+4jfyAE3VT06lAYcJVpdw==
  dependencies:
    confusing-browser-globals "^1.0.5"
