# THIS IS AN AUTOGENERATED FILE. DO NOT EDIT THIS FILE DIRECTLY.
# yarn lockfile v1


confusing-browser-globals@^1.0.7:
  version "1.0.8"
  resolved "https://registry.yarnpkg.com/confusing-browser-globals/-/confusing-browser-globals-1.0.8.tgz#93ffec1f82a6e2bf2bc36769cc3a92fa20e502f3"
  integrity sha512-lI7asCibVJ6Qd3FGU7mu4sfG4try4LX3+GVS+Gv8UlrEf2AeW57piecapnog2UHZSbcX/P/1UDWVaTsblowlZg==

eslint-config-react-app@4.0.1:
  version "4.0.1"
  resolved "https://registry.yarnpkg.com/eslint-config-react-app/-/eslint-config-react-app-4.0.1.tgz#23fd0fd7ea89442ef1e733f66a7207674b23c8db"
  integrity sha512-ZsaoXUIGsK8FCi/x4lT2bZR5mMkL/Kgj+Lnw690rbvvUr/uiwgFiD8FcfAhkCycm7Xte6O5lYz4EqMx2vX7jgw==
  dependencies:
    confusing-browser-globals "^1.0.7"
