# THIS IS AN AUTOGENERATED FILE. DO NOT EDIT THIS FILE DIRECTLY.
# yarn lockfile v1


eslint-config-react-app@^2.0.0:
  version "2.1.0"
  resolved "http://registry.npm.alibaba-inc.com/eslint-config-react-app/download/eslint-config-react-app-2.1.0.tgz#23c909f71cbaff76b945b831d2d814b8bde169eb"
  integrity sha1-I8kJ9xy6/3a5Rbgx0tgUuL3haes=
